
Microsoft Visual Studio Solution File, Format Version 12.00
# Visual Studio 15
VisualStudioVersion = 15.0.27004.2009
MinimumVisualStudioVersion = 10.0.40219.1
Project("{9A19103F-16F7-4668-BE54-9A1E7A4F7556}") = "Vanara.Core", "Core\Vanara.Core.csproj", "{241F73EE-9298-45C9-B869-A045DFF94C03}"
EndProject
Project("{9A19103F-16F7-4668-BE54-9A1E7A4F7556}") = "Vanara.Security", "Security\Vanara.Security.csproj", "{B1AF8B23-B1CB-4CDB-9345-5E0C0E836B7C}"
	ProjectSection(ProjectDependencies) = postProject
		{A5E519E9-FEBA-4FE3-93A5-B8269BEF72F4} = {A5E519E9-FEBA-4FE3-93A5-B8269BEF72F4}
		{241F73EE-9298-45C9-B869-A045DFF94C03} = {241F73EE-9298-45C9-B869-A045DFF94C03}
	EndProjectSection
EndProject
Project("{9A19103F-16F7-4668-BE54-9A1E7A4F7556}") = "Vanara.SystemServices", "System\Vanara.SystemServices.csproj", "{EEEC146D-14B2-4EEF-9155-E1AEF82D85F6}"
	ProjectSection(ProjectDependencies) = postProject
		{A5E519E9-FEBA-4FE3-93A5-B8269BEF72F4} = {A5E519E9-FEBA-4FE3-93A5-B8269BEF72F4}
		{241F73EE-9298-45C9-B869-A045DFF94C03} = {241F73EE-9298-45C9-B869-A045DFF94C03}
	EndProjectSection
EndProject
Project("{9A19103F-16F7-4668-BE54-9A1E7A4F7556}") = "Vanara.UI", "UI\Vanara.UI.csproj", "{51986CD3-EEDA-4369-93A4-255512548F68}"
	ProjectSection(ProjectDependencies) = postProject
		{A5E519E9-FEBA-4FE3-93A5-B8269BEF72F4} = {A5E519E9-FEBA-4FE3-93A5-B8269BEF72F4}
		{241F73EE-9298-45C9-B869-A045DFF94C03} = {241F73EE-9298-45C9-B869-A045DFF94C03}
	EndProjectSection
EndProject
Project("{9A19103F-16F7-4668-BE54-9A1E7A4F7556}") = "Vanara.PInvoke.Shared", "PInvoke\Shared\Vanara.PInvoke.Shared.csproj", "{A5E519E9-FEBA-4FE3-93A5-B8269BEF72F4}"
EndProject
Project("{2150E333-8FDC-42A3-9474-1A3956D46DE8}") = "Vanara.PInvoke", "Vanara.PInvoke", "{212ABBD0-B724-4CFA-9D6D-E3891547FA90}"
EndProject
Project("{9A19103F-16F7-4668-BE54-9A1E7A4F7556}") = "Vanara.PInvoke.AclUI", "PInvoke\AclUI\Vanara.PInvoke.AclUI.csproj", "{EF88CF8C-E737-4BB1-BBF9-F47BF65547E0}"
EndProject
Project("{9A19103F-16F7-4668-BE54-9A1E7A4F7556}") = "Vanara.PInvoke.ComCtl32", "PInvoke\ComCtl32\Vanara.PInvoke.ComCtl32.csproj", "{291AF9B0-51E8-4E4A-972B-77310A7A0C06}"
EndProject
Project("{9A19103F-16F7-4668-BE54-9A1E7A4F7556}") = "Vanara.PInvoke.CredUI", "PInvoke\CredUI\Vanara.PInvoke.CredUI.csproj", "{1F0B972A-06DA-4F6A-8B60-87D76FB1F2D9}"
EndProject
Project("{9A19103F-16F7-4668-BE54-9A1E7A4F7556}") = "Vanara.PInvoke.DwmApi", "PInvoke\DwmApi\Vanara.PInvoke.DwmApi.csproj", "{E1C6D6AF-60A0-42CD-AF77-F0DE0FFE1395}"
EndProject
Project("{9A19103F-16F7-4668-BE54-9A1E7A4F7556}") = "Vanara.PInvoke.Gdi32", "PInvoke\Gdi32\Vanara.PInvoke.Gdi32.csproj", "{E186AFF0-BC70-4776-8BEE-9FDAE108F4EB}"
EndProject
Project("{9A19103F-16F7-4668-BE54-9A1E7A4F7556}") = "Vanara.PInvoke.Kernel32", "PInvoke\Kernel32\Vanara.PInvoke.Kernel32.csproj", "{842D436F-598C-47D7-B5AA-12399F8CCFE9}"
EndProject
Project("{9A19103F-16F7-4668-BE54-9A1E7A4F7556}") = "Vanara.PInvoke.NetApi32", "PInvoke\NetApi32\Vanara.PInvoke.NetApi32.csproj", "{48ED1B1B-1450-43D2-917E-B5ACE357FD82}"
EndProject
Project("{9A19103F-16F7-4668-BE54-9A1E7A4F7556}") = "Vanara.PInvoke.NetListMgr", "PInvoke\NetListMgr\Vanara.PInvoke.NetListMgr.csproj", "{D7575CDB-0AA6-4029-A8FA-64B49DC178CE}"
EndProject
Project("{9A19103F-16F7-4668-BE54-9A1E7A4F7556}") = "Vanara.PInvoke.NTDSApi", "PInvoke\NTDSApi\Vanara.PInvoke.NTDSApi.csproj", "{FF26F707-5F0E-461B-BCC9-013724F87BD4}"
EndProject
Project("{9A19103F-16F7-4668-BE54-9A1E7A4F7556}") = "Vanara.PInvoke.Shell32", "PInvoke\Shell32\Vanara.PInvoke.Shell32.csproj", "{3226020F-4C9D-41B3-AC8A-2BC9FD064CD8}"
EndProject
Project("{9A19103F-16F7-4668-BE54-9A1E7A4F7556}") = "Vanara.PInvoke.ShlwApi", "PInvoke\ShlwApi\Vanara.PInvoke.ShlwApi.csproj", "{30FD6779-6549-449E-880A-695815EB89B0}"
EndProject
Project("{9A19103F-16F7-4668-BE54-9A1E7A4F7556}") = "Vanara.PInvoke.TaskSchd", "PInvoke\TaskSchd\Vanara.PInvoke.TaskSchd.csproj", "{AC7D45C6-3C00-4FBF-90BE-1A026FB26DF0}"
EndProject
Project("{9A19103F-16F7-4668-BE54-9A1E7A4F7556}") = "Vanara.PInvoke.User32", "PInvoke\User32\Vanara.PInvoke.User32.csproj", "{A6771907-ADDC-49FC-8444-A97AA65E77E2}"
EndProject
Project("{9A19103F-16F7-4668-BE54-9A1E7A4F7556}") = "Vanara.PInvoke.UxTheme", "PInvoke\UxTheme\Vanara.PInvoke.UxTheme.csproj", "{F73A658B-D900-4D9B-BA8E-19E6DFDC6147}"
EndProject
Project("{9A19103F-16F7-4668-BE54-9A1E7A4F7556}") = "Vanara.PInvoke.VirtDisk", "PInvoke\VirtDisk\Vanara.PInvoke.VirtDisk.csproj", "{5CE784D4-42B7-4AA7-B2D0-E175C7FB40C8}"
EndProject
Project("{9A19103F-16F7-4668-BE54-9A1E7A4F7556}") = "Vanara.PInvoke.WinINet", "PInvoke\WinInet\Vanara.PInvoke.WinINet.csproj", "{E8A0C4DF-541C-4435-937B-2865CD61BB17}"
EndProject
Project("{9A19103F-16F7-4668-BE54-9A1E7A4F7556}") = "Vanara.PInvoke.Security", "PInvoke\Security\Vanara.PInvoke.Security.csproj", "{392A14B0-1E10-4E88-9C13-0D965665FFB5}"
EndProject
Project("{9A19103F-16F7-4668-BE54-9A1E7A4F7556}") = "Vanara.PInvoke.Ole", "PInvoke\Ole\Vanara.PInvoke.Ole.csproj", "{BBE4A7D6-0B24-4F58-9726-E05F358C1256}"
EndProject
Project("{FAE04EC0-301F-11D3-BF4B-00C04F79EFBC}") = "UnitTests", "UnitTests\UnitTests.csproj", "{3C9E407F-9D0B-4B54-B181-BA5476B8D2DC}"
EndProject
Global
	GlobalSection(SolutionConfigurationPlatforms) = preSolution
		Debug|Any CPU = Debug|Any CPU
		Release|Any CPU = Release|Any CPU
	EndGlobalSection
	GlobalSection(ProjectConfigurationPlatforms) = postSolution
		{241F73EE-9298-45C9-B869-A045DFF94C03}.Debug|Any CPU.ActiveCfg = Debug|Any CPU
		{241F73EE-9298-45C9-B869-A045DFF94C03}.Debug|Any CPU.Build.0 = Debug|Any CPU
		{241F73EE-9298-45C9-B869-A045DFF94C03}.Release|Any CPU.ActiveCfg = Release|Any CPU
		{241F73EE-9298-45C9-B869-A045DFF94C03}.Release|Any CPU.Build.0 = Release|Any CPU
		{B1AF8B23-B1CB-4CDB-9345-5E0C0E836B7C}.Debug|Any CPU.ActiveCfg = Debug|Any CPU
		{B1AF8B23-B1CB-4CDB-9345-5E0C0E836B7C}.Debug|Any CPU.Build.0 = Debug|Any CPU
		{B1AF8B23-B1CB-4CDB-9345-5E0C0E836B7C}.Release|Any CPU.ActiveCfg = Release|Any CPU
		{B1AF8B23-B1CB-4CDB-9345-5E0C0E836B7C}.Release|Any CPU.Build.0 = Release|Any CPU
		{EEEC146D-14B2-4EEF-9155-E1AEF82D85F6}.Debug|Any CPU.ActiveCfg = Debug|Any CPU
		{EEEC146D-14B2-4EEF-9155-E1AEF82D85F6}.Debug|Any CPU.Build.0 = Debug|Any CPU
		{EEEC146D-14B2-4EEF-9155-E1AEF82D85F6}.Release|Any CPU.ActiveCfg = Release|Any CPU
		{EEEC146D-14B2-4EEF-9155-E1AEF82D85F6}.Release|Any CPU.Build.0 = Release|Any CPU
		{51986CD3-EEDA-4369-93A4-255512548F68}.Debug|Any CPU.ActiveCfg = Debug|Any CPU
		{51986CD3-EEDA-4369-93A4-255512548F68}.Debug|Any CPU.Build.0 = Debug|Any CPU
		{51986CD3-EEDA-4369-93A4-255512548F68}.Release|Any CPU.ActiveCfg = Release|Any CPU
		{51986CD3-EEDA-4369-93A4-255512548F68}.Release|Any CPU.Build.0 = Release|Any CPU
		{A5E519E9-FEBA-4FE3-93A5-B8269BEF72F4}.Debug|Any CPU.ActiveCfg = Debug|Any CPU
		{A5E519E9-FEBA-4FE3-93A5-B8269BEF72F4}.Debug|Any CPU.Build.0 = Debug|Any CPU
		{A5E519E9-FEBA-4FE3-93A5-B8269BEF72F4}.Release|Any CPU.ActiveCfg = Release|Any CPU
		{A5E519E9-FEBA-4FE3-93A5-B8269BEF72F4}.Release|Any CPU.Build.0 = Release|Any CPU
		{EF88CF8C-E737-4BB1-BBF9-F47BF65547E0}.Debug|Any CPU.ActiveCfg = Debug|Any CPU
		{EF88CF8C-E737-4BB1-BBF9-F47BF65547E0}.Debug|Any CPU.Build.0 = Debug|Any CPU
		{EF88CF8C-E737-4BB1-BBF9-F47BF65547E0}.Release|Any CPU.ActiveCfg = Release|Any CPU
		{EF88CF8C-E737-4BB1-BBF9-F47BF65547E0}.Release|Any CPU.Build.0 = Release|Any CPU
		{291AF9B0-51E8-4E4A-972B-77310A7A0C06}.Debug|Any CPU.ActiveCfg = Debug|Any CPU
		{291AF9B0-51E8-4E4A-972B-77310A7A0C06}.Debug|Any CPU.Build.0 = Debug|Any CPU
		{291AF9B0-51E8-4E4A-972B-77310A7A0C06}.Release|Any CPU.ActiveCfg = Release|Any CPU
		{291AF9B0-51E8-4E4A-972B-77310A7A0C06}.Release|Any CPU.Build.0 = Release|Any CPU
		{1F0B972A-06DA-4F6A-8B60-87D76FB1F2D9}.Debug|Any CPU.ActiveCfg = Debug|Any CPU
		{1F0B972A-06DA-4F6A-8B60-87D76FB1F2D9}.Debug|Any CPU.Build.0 = Debug|Any CPU
		{1F0B972A-06DA-4F6A-8B60-87D76FB1F2D9}.Release|Any CPU.ActiveCfg = Release|Any CPU
		{1F0B972A-06DA-4F6A-8B60-87D76FB1F2D9}.Release|Any CPU.Build.0 = Release|Any CPU
		{E1C6D6AF-60A0-42CD-AF77-F0DE0FFE1395}.Debug|Any CPU.ActiveCfg = Debug|Any CPU
		{E1C6D6AF-60A0-42CD-AF77-F0DE0FFE1395}.Debug|Any CPU.Build.0 = Debug|Any CPU
		{E1C6D6AF-60A0-42CD-AF77-F0DE0FFE1395}.Release|Any CPU.ActiveCfg = Release|Any CPU
		{E1C6D6AF-60A0-42CD-AF77-F0DE0FFE1395}.Release|Any CPU.Build.0 = Release|Any CPU
		{E186AFF0-BC70-4776-8BEE-9FDAE108F4EB}.Debug|Any CPU.ActiveCfg = Debug|Any CPU
		{E186AFF0-BC70-4776-8BEE-9FDAE108F4EB}.Debug|Any CPU.Build.0 = Debug|Any CPU
		{E186AFF0-BC70-4776-8BEE-9FDAE108F4EB}.Release|Any CPU.ActiveCfg = Release|Any CPU
		{E186AFF0-BC70-4776-8BEE-9FDAE108F4EB}.Release|Any CPU.Build.0 = Release|Any CPU
		{842D436F-598C-47D7-B5AA-12399F8CCFE9}.Debug|Any CPU.ActiveCfg = Debug|Any CPU
		{842D436F-598C-47D7-B5AA-12399F8CCFE9}.Debug|Any CPU.Build.0 = Debug|Any CPU
		{842D436F-598C-47D7-B5AA-12399F8CCFE9}.Release|Any CPU.ActiveCfg = Release|Any CPU
		{842D436F-598C-47D7-B5AA-12399F8CCFE9}.Release|Any CPU.Build.0 = Release|Any CPU
		{48ED1B1B-1450-43D2-917E-B5ACE357FD82}.Debug|Any CPU.ActiveCfg = Debug|Any CPU
		{48ED1B1B-1450-43D2-917E-B5ACE357FD82}.Debug|Any CPU.Build.0 = Debug|Any CPU
		{48ED1B1B-1450-43D2-917E-B5ACE357FD82}.Release|Any CPU.ActiveCfg = Release|Any CPU
		{48ED1B1B-1450-43D2-917E-B5ACE357FD82}.Release|Any CPU.Build.0 = Release|Any CPU
		{D7575CDB-0AA6-4029-A8FA-64B49DC178CE}.Debug|Any CPU.ActiveCfg = Debug|Any CPU
		{D7575CDB-0AA6-4029-A8FA-64B49DC178CE}.Debug|Any CPU.Build.0 = Debug|Any CPU
		{D7575CDB-0AA6-4029-A8FA-64B49DC178CE}.Release|Any CPU.ActiveCfg = Release|Any CPU
		{D7575CDB-0AA6-4029-A8FA-64B49DC178CE}.Release|Any CPU.Build.0 = Release|Any CPU
		{FF26F707-5F0E-461B-BCC9-013724F87BD4}.Debug|Any CPU.ActiveCfg = Debug|Any CPU
		{FF26F707-5F0E-461B-BCC9-013724F87BD4}.Debug|Any CPU.Build.0 = Debug|Any CPU
		{FF26F707-5F0E-461B-BCC9-013724F87BD4}.Release|Any CPU.ActiveCfg = Release|Any CPU
		{FF26F707-5F0E-461B-BCC9-013724F87BD4}.Release|Any CPU.Build.0 = Release|Any CPU
		{3226020F-4C9D-41B3-AC8A-2BC9FD064CD8}.Debug|Any CPU.ActiveCfg = Debug|Any CPU
		{3226020F-4C9D-41B3-AC8A-2BC9FD064CD8}.Debug|Any CPU.Build.0 = Debug|Any CPU
		{3226020F-4C9D-41B3-AC8A-2BC9FD064CD8}.Release|Any CPU.ActiveCfg = Release|Any CPU
		{3226020F-4C9D-41B3-AC8A-2BC9FD064CD8}.Release|Any CPU.Build.0 = Release|Any CPU
		{30FD6779-6549-449E-880A-695815EB89B0}.Debug|Any CPU.ActiveCfg = Debug|Any CPU
		{30FD6779-6549-449E-880A-695815EB89B0}.Debug|Any CPU.Build.0 = Debug|Any CPU
		{30FD6779-6549-449E-880A-695815EB89B0}.Release|Any CPU.ActiveCfg = Release|Any CPU
		{30FD6779-6549-449E-880A-695815EB89B0}.Release|Any CPU.Build.0 = Release|Any CPU
		{AC7D45C6-3C00-4FBF-90BE-1A026FB26DF0}.Debug|Any CPU.ActiveCfg = Debug|Any CPU
		{AC7D45C6-3C00-4FBF-90BE-1A026FB26DF0}.Debug|Any CPU.Build.0 = Debug|Any CPU
		{AC7D45C6-3C00-4FBF-90BE-1A026FB26DF0}.Release|Any CPU.ActiveCfg = Release|Any CPU
		{AC7D45C6-3C00-4FBF-90BE-1A026FB26DF0}.Release|Any CPU.Build.0 = Release|Any CPU
		{A6771907-ADDC-49FC-8444-A97AA65E77E2}.Debug|Any CPU.ActiveCfg = Debug|Any CPU
		{A6771907-ADDC-49FC-8444-A97AA65E77E2}.Debug|Any CPU.Build.0 = Debug|Any CPU
		{A6771907-ADDC-49FC-8444-A97AA65E77E2}.Release|Any CPU.ActiveCfg = Release|Any CPU
		{A6771907-ADDC-49FC-8444-A97AA65E77E2}.Release|Any CPU.Build.0 = Release|Any CPU
		{F73A658B-D900-4D9B-BA8E-19E6DFDC6147}.Debug|Any CPU.ActiveCfg = Debug|Any CPU
		{F73A658B-D900-4D9B-BA8E-19E6DFDC6147}.Debug|Any CPU.Build.0 = Debug|Any CPU
		{F73A658B-D900-4D9B-BA8E-19E6DFDC6147}.Release|Any CPU.ActiveCfg = Release|Any CPU
		{F73A658B-D900-4D9B-BA8E-19E6DFDC6147}.Release|Any CPU.Build.0 = Release|Any CPU
		{5CE784D4-42B7-4AA7-B2D0-E175C7FB40C8}.Debug|Any CPU.ActiveCfg = Debug|Any CPU
		{5CE784D4-42B7-4AA7-B2D0-E175C7FB40C8}.Debug|Any CPU.Build.0 = Debug|Any CPU
		{5CE784D4-42B7-4AA7-B2D0-E175C7FB40C8}.Release|Any CPU.ActiveCfg = Release|Any CPU
		{5CE784D4-42B7-4AA7-B2D0-E175C7FB40C8}.Release|Any CPU.Build.0 = Release|Any CPU
		{E8A0C4DF-541C-4435-937B-2865CD61BB17}.Debug|Any CPU.ActiveCfg = Debug|Any CPU
		{E8A0C4DF-541C-4435-937B-2865CD61BB17}.Debug|Any CPU.Build.0 = Debug|Any CPU
		{E8A0C4DF-541C-4435-937B-2865CD61BB17}.Release|Any CPU.ActiveCfg = Release|Any CPU
		{E8A0C4DF-541C-4435-937B-2865CD61BB17}.Release|Any CPU.Build.0 = Release|Any CPU
		{392A14B0-1E10-4E88-9C13-0D965665FFB5}.Debug|Any CPU.ActiveCfg = Debug|Any CPU
		{392A14B0-1E10-4E88-9C13-0D965665FFB5}.Debug|Any CPU.Build.0 = Debug|Any CPU
		{392A14B0-1E10-4E88-9C13-0D965665FFB5}.Release|Any CPU.ActiveCfg = Release|Any CPU
		{392A14B0-1E10-4E88-9C13-0D965665FFB5}.Release|Any CPU.Build.0 = Release|Any CPU
		{BBE4A7D6-0B24-4F58-9726-E05F358C1256}.Debug|Any CPU.ActiveCfg = Debug|Any CPU
		{BBE4A7D6-0B24-4F58-9726-E05F358C1256}.Debug|Any CPU.Build.0 = Debug|Any CPU
		{BBE4A7D6-0B24-4F58-9726-E05F358C1256}.Release|Any CPU.ActiveCfg = Release|Any CPU
		{BBE4A7D6-0B24-4F58-9726-E05F358C1256}.Release|Any CPU.Build.0 = Release|Any CPU
		{3C9E407F-9D0B-4B54-B181-BA5476B8D2DC}.Debug|Any CPU.ActiveCfg = Debug|Any CPU
		{3C9E407F-9D0B-4B54-B181-BA5476B8D2DC}.Debug|Any CPU.Build.0 = Debug|Any CPU
		{3C9E407F-9D0B-4B54-B181-BA5476B8D2DC}.Release|Any CPU.ActiveCfg = Release|Any CPU
		{3C9E407F-9D0B-4B54-B181-BA5476B8D2DC}.Release|Any CPU.Build.0 = Release|Any CPU
	EndGlobalSection
	GlobalSection(SolutionProperties) = preSolution
		HideSolutionNode = FALSE
	EndGlobalSection
	GlobalSection(NestedProjects) = preSolution
		{A5E519E9-FEBA-4FE3-93A5-B8269BEF72F4} = {212ABBD0-B724-4CFA-9D6D-E3891547FA90}
		{EF88CF8C-E737-4BB1-BBF9-F47BF65547E0} = {212ABBD0-B724-4CFA-9D6D-E3891547FA90}
		{291AF9B0-51E8-4E4A-972B-77310A7A0C06} = {212ABBD0-B724-4CFA-9D6D-E3891547FA90}
		{1F0B972A-06DA-4F6A-8B60-87D76FB1F2D9} = {212ABBD0-B724-4CFA-9D6D-E3891547FA90}
		{E1C6D6AF-60A0-42CD-AF77-F0DE0FFE1395} = {212ABBD0-B724-4CFA-9D6D-E3891547FA90}
		{E186AFF0-BC70-4776-8BEE-9FDAE108F4EB} = {212ABBD0-B724-4CFA-9D6D-E3891547FA90}
		{842D436F-598C-47D7-B5AA-12399F8CCFE9} = {212ABBD0-B724-4CFA-9D6D-E3891547FA90}
		{48ED1B1B-1450-43D2-917E-B5ACE357FD82} = {212ABBD0-B724-4CFA-9D6D-E3891547FA90}
		{D7575CDB-0AA6-4029-A8FA-64B49DC178CE} = {212ABBD0-B724-4CFA-9D6D-E3891547FA90}
		{FF26F707-5F0E-461B-BCC9-013724F87BD4} = {212ABBD0-B724-4CFA-9D6D-E3891547FA90}
		{3226020F-4C9D-41B3-AC8A-2BC9FD064CD8} = {212ABBD0-B724-4CFA-9D6D-E3891547FA90}
		{30FD6779-6549-449E-880A-695815EB89B0} = {212ABBD0-B724-4CFA-9D6D-E3891547FA90}
		{AC7D45C6-3C00-4FBF-90BE-1A026FB26DF0} = {212ABBD0-B724-4CFA-9D6D-E3891547FA90}
		{A6771907-ADDC-49FC-8444-A97AA65E77E2} = {212ABBD0-B724-4CFA-9D6D-E3891547FA90}
		{F73A658B-D900-4D9B-BA8E-19E6DFDC6147} = {212ABBD0-B724-4CFA-9D6D-E3891547FA90}
		{5CE784D4-42B7-4AA7-B2D0-E175C7FB40C8} = {212ABBD0-B724-4CFA-9D6D-E3891547FA90}
		{E8A0C4DF-541C-4435-937B-2865CD61BB17} = {212ABBD0-B724-4CFA-9D6D-E3891547FA90}
		{392A14B0-1E10-4E88-9C13-0D965665FFB5} = {212ABBD0-B724-4CFA-9D6D-E3891547FA90}
		{BBE4A7D6-0B24-4F58-9726-E05F358C1256} = {212ABBD0-B724-4CFA-9D6D-E3891547FA90}
	EndGlobalSection
	GlobalSection(ExtensibilityGlobals) = postSolution
		SolutionGuid = {543FAC75-2AF1-4EF1-9609-B242B63FEED4}
	EndGlobalSection
EndGlobal
