
Microsoft Visual Studio Solution File, Format Version 12.00
# Visual Studio Version 16
VisualStudioVersion = 16.0.28917.181
MinimumVisualStudioVersion = 10.0.40219.1
Project("{9A19103F-16F7-4668-BE54-9A1E7A4F7556}") = "Vanara.Core", "Core\Vanara.Core.csproj", "{241F73EE-9298-45C9-B869-A045DFF94C03}"
EndProject
Project("{9A19103F-16F7-4668-BE54-9A1E7A4F7556}") = "Vanara.Security", "Security\Vanara.Security.csproj", "{B1AF8B23-B1CB-4CDB-9345-5E0C0E836B7C}"
	ProjectSection(ProjectDependencies) = postProject
		{A5E519E9-FEBA-4FE3-93A5-B8269BEF72F4} = {A5E519E9-FEBA-4FE3-93A5-B8269BEF72F4}
		{241F73EE-9298-45C9-B869-A045DFF94C03} = {241F73EE-9298-45C9-B869-A045DFF94C03}
	EndProjectSection
EndProject
Project("{9A19103F-16F7-4668-BE54-9A1E7A4F7556}") = "Vanara.SystemServices", "System\Vanara.SystemServices.csproj", "{EEEC146D-14B2-4EEF-9155-E1AEF82D85F6}"
	ProjectSection(ProjectDependencies) = postProject
		{A5E519E9-FEBA-4FE3-93A5-B8269BEF72F4} = {A5E519E9-FEBA-4FE3-93A5-B8269BEF72F4}
		{241F73EE-9298-45C9-B869-A045DFF94C03} = {241F73EE-9298-45C9-B869-A045DFF94C03}
	EndProjectSection
EndProject
Project("{9A19103F-16F7-4668-BE54-9A1E7A4F7556}") = "Vanara.Windows.Forms", "Windows.Forms\Vanara.Windows.Forms.csproj", "{51986CD3-EEDA-4369-93A4-255512548F68}"
	ProjectSection(ProjectDependencies) = postProject
		{A5E519E9-FEBA-4FE3-93A5-B8269BEF72F4} = {A5E519E9-FEBA-4FE3-93A5-B8269BEF72F4}
		{241F73EE-9298-45C9-B869-A045DFF94C03} = {241F73EE-9298-45C9-B869-A045DFF94C03}
	EndProjectSection
EndProject
Project("{9A19103F-16F7-4668-BE54-9A1E7A4F7556}") = "Vanara.PInvoke.Shared", "PInvoke\Shared\Vanara.PInvoke.Shared.csproj", "{A5E519E9-FEBA-4FE3-93A5-B8269BEF72F4}"
EndProject
Project("{2150E333-8FDC-42A3-9474-1A3956D46DE8}") = "Vanara.PInvoke", "Vanara.PInvoke", "{212ABBD0-B724-4CFA-9D6D-E3891547FA90}"
EndProject
Project("{9A19103F-16F7-4668-BE54-9A1E7A4F7556}") = "Vanara.PInvoke.AclUI", "PInvoke\AclUI\Vanara.PInvoke.AclUI.csproj", "{EF88CF8C-E737-4BB1-BBF9-F47BF65547E0}"
EndProject
Project("{9A19103F-16F7-4668-BE54-9A1E7A4F7556}") = "Vanara.PInvoke.ComCtl32", "PInvoke\ComCtl32\Vanara.PInvoke.ComCtl32.csproj", "{291AF9B0-51E8-4E4A-972B-77310A7A0C06}"
EndProject
Project("{9A19103F-16F7-4668-BE54-9A1E7A4F7556}") = "Vanara.PInvoke.CredUI", "PInvoke\CredUI\Vanara.PInvoke.CredUI.csproj", "{1F0B972A-06DA-4F6A-8B60-87D76FB1F2D9}"
EndProject
Project("{9A19103F-16F7-4668-BE54-9A1E7A4F7556}") = "Vanara.PInvoke.DwmApi", "PInvoke\DwmApi\Vanara.PInvoke.DwmApi.csproj", "{E1C6D6AF-60A0-42CD-AF77-F0DE0FFE1395}"
EndProject
Project("{9A19103F-16F7-4668-BE54-9A1E7A4F7556}") = "Vanara.PInvoke.Gdi32", "PInvoke\Gdi32\Vanara.PInvoke.Gdi32.csproj", "{E186AFF0-BC70-4776-8BEE-9FDAE108F4EB}"
EndProject
Project("{9A19103F-16F7-4668-BE54-9A1E7A4F7556}") = "Vanara.PInvoke.Kernel32", "PInvoke\Kernel32\Vanara.PInvoke.Kernel32.csproj", "{842D436F-598C-47D7-B5AA-12399F8CCFE9}"
EndProject
Project("{9A19103F-16F7-4668-BE54-9A1E7A4F7556}") = "Vanara.PInvoke.NetApi32", "PInvoke\NetApi32\Vanara.PInvoke.NetApi32.csproj", "{48ED1B1B-1450-43D2-917E-B5ACE357FD82}"
EndProject
Project("{9A19103F-16F7-4668-BE54-9A1E7A4F7556}") = "Vanara.PInvoke.NetListMgr", "PInvoke\NetListMgr\Vanara.PInvoke.NetListMgr.csproj", "{D7575CDB-0AA6-4029-A8FA-64B49DC178CE}"
EndProject
Project("{9A19103F-16F7-4668-BE54-9A1E7A4F7556}") = "Vanara.PInvoke.NTDSApi", "PInvoke\NTDSApi\Vanara.PInvoke.NTDSApi.csproj", "{FF26F707-5F0E-461B-BCC9-013724F87BD4}"
EndProject
Project("{9A19103F-16F7-4668-BE54-9A1E7A4F7556}") = "Vanara.PInvoke.Shell32", "PInvoke\Shell32\Vanara.PInvoke.Shell32.csproj", "{3226020F-4C9D-41B3-AC8A-2BC9FD064CD8}"
EndProject
Project("{9A19103F-16F7-4668-BE54-9A1E7A4F7556}") = "Vanara.PInvoke.ShlwApi", "PInvoke\ShlwApi\Vanara.PInvoke.ShlwApi.csproj", "{30FD6779-6549-449E-880A-695815EB89B0}"
EndProject
Project("{9A19103F-16F7-4668-BE54-9A1E7A4F7556}") = "Vanara.PInvoke.TaskSchd", "PInvoke\TaskSchd\Vanara.PInvoke.TaskSchd.csproj", "{AC7D45C6-3C00-4FBF-90BE-1A026FB26DF0}"
EndProject
Project("{9A19103F-16F7-4668-BE54-9A1E7A4F7556}") = "Vanara.PInvoke.User32", "PInvoke\User32\Vanara.PInvoke.User32.csproj", "{A6771907-ADDC-49FC-8444-A97AA65E77E2}"
EndProject
Project("{9A19103F-16F7-4668-BE54-9A1E7A4F7556}") = "Vanara.PInvoke.UxTheme", "PInvoke\UxTheme\Vanara.PInvoke.UxTheme.csproj", "{F73A658B-D900-4D9B-BA8E-19E6DFDC6147}"
EndProject
Project("{9A19103F-16F7-4668-BE54-9A1E7A4F7556}") = "Vanara.PInvoke.VirtDisk", "PInvoke\VirtDisk\Vanara.PInvoke.VirtDisk.csproj", "{5CE784D4-42B7-4AA7-B2D0-E175C7FB40C8}"
EndProject
Project("{9A19103F-16F7-4668-BE54-9A1E7A4F7556}") = "Vanara.PInvoke.WinINet", "PInvoke\WinInet\Vanara.PInvoke.WinINet.csproj", "{E8A0C4DF-541C-4435-937B-2865CD61BB17}"
EndProject
Project("{9A19103F-16F7-4668-BE54-9A1E7A4F7556}") = "Vanara.PInvoke.Security", "PInvoke\Security\Vanara.PInvoke.Security.csproj", "{392A14B0-1E10-4E88-9C13-0D965665FFB5}"
EndProject
Project("{9A19103F-16F7-4668-BE54-9A1E7A4F7556}") = "Vanara.PInvoke.Ole", "PInvoke\Ole\Vanara.PInvoke.Ole.csproj", "{BBE4A7D6-0B24-4F58-9726-E05F358C1256}"
EndProject
Project("{7CF6DF6D-3B04-46F8-A40B-537D21BCA0B4}") = "HelpBuilder", "HelpBuilder\HelpBuilder.shfbproj", "{8A2AE72B-18A3-4944-B15C-06DEC99E52C0}"
EndProject
Project("{9A19103F-16F7-4668-BE54-9A1E7A4F7556}") = "Vanara.PInvoke.Mpr", "PInvoke\Mpr\Vanara.PInvoke.Mpr.csproj", "{E91C263F-82D9-40A9-99A1-F879CB076BCE}"
EndProject
Project("{9A19103F-16F7-4668-BE54-9A1E7A4F7556}") = "Vanara.Windows.Shell", "Windows.Shell\Vanara.Windows.Shell.csproj", "{43685BE2-A65E-4B01-BE16-479526940F23}"
EndProject
Project("{9A19103F-16F7-4668-BE54-9A1E7A4F7556}") = "Vanara.PInvoke.IpHlpApi", "PInvoke\IpHlpApi\Vanara.PInvoke.IpHlpApi.csproj", "{BBD8CE8D-31D2-4DFB-8D96-46825C09C7F1}"
EndProject
Project("{9A19103F-16F7-4668-BE54-9A1E7A4F7556}") = "Vanara.PInvoke.BITS", "PInvoke\BITS\Vanara.PInvoke.BITS.csproj", "{EF53ED51-C141-4525-A6B7-41109EE5F416}"
EndProject
Project("{9A19103F-16F7-4668-BE54-9A1E7A4F7556}") = "Vanara.PInvoke.NtDll", "PInvoke\NtDll\Vanara.PInvoke.NtDll.csproj", "{9E0C0DC0-E1B6-42A7-BD31-9A62EEADA780}"
EndProject
Project("{9A19103F-16F7-4668-BE54-9A1E7A4F7556}") = "Vanara.PInvoke.Ws2_32", "PInvoke\Ws2_32\Vanara.PInvoke.Ws2_32.csproj", "{74D00C4C-DA94-4046-B3CD-318FECDE3794}"
EndProject
Project("{9A19103F-16F7-4668-BE54-9A1E7A4F7556}") = "Vanara.PInvoke.Cryptography", "PInvoke\Cryptography\Vanara.PInvoke.Cryptography.csproj", "{B0DF2976-BE60-4856-A634-5487222360B2}"
EndProject
Project("{9A19103F-16F7-4668-BE54-9A1E7A4F7556}") = "Vanara.PInvoke.PowrProf", "PInvoke\PowrProf\Vanara.PInvoke.PowrProf.csproj", "{C3622793-7925-46C7-B876-AF23CC3C8A90}"
EndProject
Project("{9A19103F-16F7-4668-BE54-9A1E7A4F7556}") = "Vanara.PInvoke.Cabinet", "PInvoke\Cabinet\Vanara.PInvoke.Cabinet.csproj", "{F1BDAEA9-E2F0-4E9C-844E-0FB958552EC7}"
EndProject
Project("{2150E333-8FDC-42A3-9474-1A3956D46DE8}") = "UnitTests", "UnitTests", "{3EC6B40D-71D3-4E59-A0E0-544EC605FE11}"
EndProject
Project("{FAE04EC0-301F-11D3-BF4B-00C04F79EFBC}") = "Core", "UnitTests\Core\Core.csproj", "{8EDF4429-251A-416D-BB68-93F227191BCF}"
EndProject
Project("{FAE04EC0-301F-11D3-BF4B-00C04F79EFBC}") = "Security", "UnitTests\Security\Security.csproj", "{31F68B09-2933-45A1-B86B-9F6D647ED2D9}"
EndProject
Project("{FAE04EC0-301F-11D3-BF4B-00C04F79EFBC}") = "System", "UnitTests\System\System.csproj", "{9AEC2C7E-09D3-41C7-BDA7-4A7BAAA3441E}"
EndProject
Project("{FAE04EC0-301F-11D3-BF4B-00C04F79EFBC}") = "Windows.Forms", "UnitTests\Windows.Forms\Windows.Forms.csproj", "{C1FFE607-1D85-49F8-9421-6B21AB778816}"
EndProject
Project("{FAE04EC0-301F-11D3-BF4B-00C04F79EFBC}") = "Windows.Shell", "UnitTests\Windows.Shell\Windows.Shell.csproj", "{2616C074-DF6C-47D4-BE82-6768885ACAC9}"
EndProject
Project("{2150E333-8FDC-42A3-9474-1A3956D46DE8}") = "PInvoke", "PInvoke", "{385CAD2D-0A5E-4F80-927B-D5499D126B90}"
EndProject
Project("{FAE04EC0-301F-11D3-BF4B-00C04F79EFBC}") = "AclUI", "UnitTests\PInvoke\AclUI\AclUI.csproj", "{81A79BCD-C322-4742-842E-F70344FAD01D}"
EndProject
Project("{FAE04EC0-301F-11D3-BF4B-00C04F79EFBC}") = "BITS", "UnitTests\PInvoke\BITS\BITS.csproj", "{7D799541-C923-4593-A8C0-ABFA4F44AD3F}"
EndProject
Project("{FAE04EC0-301F-11D3-BF4B-00C04F79EFBC}") = "Cabinet", "UnitTests\PInvoke\Cabinet\Cabinet.csproj", "{7A7D9AC3-B371-478B-95B3-B538CB903231}"
EndProject
Project("{FAE04EC0-301F-11D3-BF4B-00C04F79EFBC}") = "ComCtl32", "UnitTests\PInvoke\ComCtl32\ComCtl32.csproj", "{FC54780C-E523-450E-BC74-1F900A652A2C}"
EndProject
Project("{FAE04EC0-301F-11D3-BF4B-00C04F79EFBC}") = "CredUI", "UnitTests\PInvoke\CredUI\CredUI.csproj", "{D26F23F2-35E8-4253-BCEF-56F113C93B02}"
EndProject
Project("{FAE04EC0-301F-11D3-BF4B-00C04F79EFBC}") = "Cryptography", "UnitTests\PInvoke\Cryptography\Cryptography.csproj", "{D2F143F6-25E8-4B00-A260-B3E3AA46960F}"
EndProject
Project("{FAE04EC0-301F-11D3-BF4B-00C04F79EFBC}") = "DwmApi", "UnitTests\PInvoke\DwmApi\DwmApi.csproj", "{495E0181-1513-423C-8056-A5EE400FA066}"
EndProject
Project("{FAE04EC0-301F-11D3-BF4B-00C04F79EFBC}") = "Gdi32", "UnitTests\PInvoke\Gdi32\Gdi32.csproj", "{A1A941E2-CF51-4582-B8B3-5CBC8905CA8D}"
EndProject
Project("{FAE04EC0-301F-11D3-BF4B-00C04F79EFBC}") = "IpHlpApi", "UnitTests\PInvoke\IpHlpApi\IpHlpApi.csproj", "{FB4E72CC-FF45-4A75-84FB-D220E0C06698}"
EndProject
Project("{FAE04EC0-301F-11D3-BF4B-00C04F79EFBC}") = "Kernel32", "UnitTests\PInvoke\Kernel32\Kernel32.csproj", "{EF6CA228-59F6-495B-8F59-372690E68650}"
EndProject
Project("{FAE04EC0-301F-11D3-BF4B-00C04F79EFBC}") = "Mpr", "UnitTests\PInvoke\Mpr\Mpr.csproj", "{A300ACD4-2E77-4649-B773-2DD55CDB9573}"
EndProject
Project("{FAE04EC0-301F-11D3-BF4B-00C04F79EFBC}") = "NetApi32", "UnitTests\PInvoke\NetApi32\NetApi32.csproj", "{2043D4AA-5286-491F-A334-A3CC7A08DB56}"
EndProject
Project("{FAE04EC0-301F-11D3-BF4B-00C04F79EFBC}") = "NetListMgr", "UnitTests\PInvoke\NetListMgr\NetListMgr.csproj", "{969234E4-6C92-4DAD-9AB9-25E618906643}"
EndProject
Project("{FAE04EC0-301F-11D3-BF4B-00C04F79EFBC}") = "NtDll", "UnitTests\PInvoke\NtDll\NtDll.csproj", "{6DD8BB87-AFBB-4E20-87CA-82967D01EF2D}"
EndProject
Project("{FAE04EC0-301F-11D3-BF4B-00C04F79EFBC}") = "NTDSApi", "UnitTests\PInvoke\NTDSApi\NTDSApi.csproj", "{D7E06BE2-1BAC-4016-8228-FAA091ED4831}"
EndProject
Project("{FAE04EC0-301F-11D3-BF4B-00C04F79EFBC}") = "Ole", "UnitTests\PInvoke\Ole\Ole.csproj", "{BB78D331-8903-40CE-90C4-B0E77D7B20FB}"
EndProject
Project("{FAE04EC0-301F-11D3-BF4B-00C04F79EFBC}") = "PowrProf", "UnitTests\PInvoke\PowrProf\PowrProf.csproj", "{BAD9E08F-4001-4294-804D-7421012DAA3D}"
EndProject
Project("{FAE04EC0-301F-11D3-BF4B-00C04F79EFBC}") = "Security", "UnitTests\PInvoke\Security\Security.csproj", "{C580868E-D913-454C-BF9B-CAFE3BD28DF0}"
EndProject
Project("{FAE04EC0-301F-11D3-BF4B-00C04F79EFBC}") = "Shared", "UnitTests\PInvoke\Shared\Shared.csproj", "{6F668E05-8141-48B8-9031-326C79745AF4}"
EndProject
Project("{FAE04EC0-301F-11D3-BF4B-00C04F79EFBC}") = "Shell32", "UnitTests\PInvoke\Shell32\Shell32.csproj", "{40E5CA4E-527F-4F79-875D-2342D1136FDD}"
EndProject
Project("{FAE04EC0-301F-11D3-BF4B-00C04F79EFBC}") = "ShlwApi", "UnitTests\PInvoke\ShlwApi\ShlwApi.csproj", "{AF867D8E-1C94-4D4C-962D-D155581B0C3B}"
EndProject
Project("{FAE04EC0-301F-11D3-BF4B-00C04F79EFBC}") = "TaskSchd", "UnitTests\PInvoke\TaskSchd\TaskSchd.csproj", "{85157400-A6FF-41E7-B650-4952ECBC28AD}"
EndProject
Project("{FAE04EC0-301F-11D3-BF4B-00C04F79EFBC}") = "User32", "UnitTests\PInvoke\User32\User32.csproj", "{60A80A72-67BD-4CC2-95DA-0F6D3553A221}"
EndProject
Project("{FAE04EC0-301F-11D3-BF4B-00C04F79EFBC}") = "UxTheme", "UnitTests\PInvoke\UxTheme\UxTheme.csproj", "{EFAFBD16-A9FB-4656-896D-AD434B778EF0}"
EndProject
Project("{FAE04EC0-301F-11D3-BF4B-00C04F79EFBC}") = "VirtDisk", "UnitTests\PInvoke\VirtDisk\VirtDisk.csproj", "{6947F255-E176-409C-9788-9C02A68C9D3B}"
EndProject
Project("{FAE04EC0-301F-11D3-BF4B-00C04F79EFBC}") = "WinINet", "UnitTests\PInvoke\WinINet\WinINet.csproj", "{A4BF5AA2-4D73-4BE7-ABB4-3DC089CFA77A}"
EndProject
Project("{FAE04EC0-301F-11D3-BF4B-00C04F79EFBC}") = "Ws2_32", "UnitTests\PInvoke\Ws2_32\Ws2_32.csproj", "{15DC485D-B379-4087-97A7-981ADB4D48F9}"
EndProject
Project("{9A19103F-16F7-4668-BE54-9A1E7A4F7556}") = "Vanara.PInvoke.Accessibility", "PInvoke\Accessibility\Vanara.PInvoke.Accessibility.csproj", "{D5BD6ECE-B285-4CE8-ABFC-964AB1DEA464}"
EndProject
Project("{9A19103F-16F7-4668-BE54-9A1E7A4F7556}") = "Vanara.PInvoke.SearchApi", "PInvoke\SearchApi\Vanara.PInvoke.SearchApi.csproj", "{07CD630D-A4BD-45CB-BF1B-90E981F4DE81}"
EndProject
Project("{9A19103F-16F7-4668-BE54-9A1E7A4F7556}") = "Vanara.PInvoke.WinTrust", "PInvoke\WinTrust\Vanara.PInvoke.WinTrust.csproj", "{3EDE955E-50DE-4E1D-97E8-31E4E6A83E7D}"
EndProject
Project("{FAE04EC0-301F-11D3-BF4B-00C04F79EFBC}") = "Shared", "UnitTests\CSharpRunner\Shared.csproj", "{A96CFF10-0967-429A-8700-4A86C97C5603}"
EndProject
Project("{9A19103F-16F7-4668-BE54-9A1E7A4F7556}") = "Vanara.PInvoke.Wer", "PInvoke\Wer\Vanara.PInvoke.Wer.csproj", "{FA58DCE9-60A6-4321-982C-37C0DACC371D}"
EndProject
Project("{9A19103F-16F7-4668-BE54-9A1E7A4F7556}") = "Vanara.PInvoke.KtmW32", "PInvoke\KtmW32\Vanara.PInvoke.KtmW32.csproj", "{C325C0A4-B8CF-442B-B393-C65FC9174045}"
EndProject
Project("{FAE04EC0-301F-11D3-BF4B-00C04F79EFBC}") = "KtmW32", "UnitTests\PInvoke\KtmW32\KtmW32.csproj", "{8BC51B6B-77FA-4571-8E1C-EA75ED4DCD56}"
EndProject
Project("{9A19103F-16F7-4668-BE54-9A1E7A4F7556}") = "Vanara.PInvoke.Pdh", "PInvoke\Pdh\Vanara.PInvoke.Pdh.csproj", "{C1D9429F-A8BD-4094-ABE3-32581FC4614F}"
EndProject
Project("{FAE04EC0-301F-11D3-BF4B-00C04F79EFBC}") = "Pdh", "UnitTests\PInvoke\Pdh\Pdh.csproj", "{15189584-3BD8-47DB-8B65-F58482063585}"
EndProject
Project("{9A19103F-16F7-4668-BE54-9A1E7A4F7556}") = "Vanara.BITS", "BITS\Vanara.BITS.csproj", "{C7ACE187-CB36-4CEA-AE0C-651669237427}"
EndProject
Project("{9A19103F-16F7-4668-BE54-9A1E7A4F7556}") = "Vanara.VirtualDisk", "VirtualDisk\Vanara.VirtualDisk.csproj", "{D4E36942-7492-46B9-985B-F99D8F5A35AB}"
EndProject
Project("{FAE04EC0-301F-11D3-BF4B-00C04F79EFBC}") = "BITS", "UnitTests\BITS\BITS.csproj", "{5558B8E3-FF1C-401F-978E-E91D1E78B898}"
EndProject
Project("{FAE04EC0-301F-11D3-BF4B-00C04F79EFBC}") = "VirtualDisk", "UnitTests\VirtualDisk\VirtualDisk.csproj", "{687F9162-8CA0-4277-B868-4E7F2EC614F8}"
EndProject
Project("{FAE04EC0-301F-11D3-BF4B-00C04F79EFBC}") = "ExplorerBrowserDemo", "UnitTests\ExplorerBrowser\ExplorerBrowserDemo.csproj", "{2AACFF7E-F4B1-44F6-92C6-20ACBB647A4D}"
EndProject
Project("{FAE04EC0-301F-11D3-BF4B-00C04F79EFBC}") = "Windows.Forms.App", "UnitTests\Windows.Forms.App\Windows.Forms.App.csproj", "{9520EC8B-9C63-47E6-A7BD-1CCF9BBB5BFA}"
EndProject
Project("{9A19103F-16F7-4668-BE54-9A1E7A4F7556}") = "Vanara.PInvoke.Printing", "PInvoke\Printing\Vanara.PInvoke.Printing.csproj", "{D3E1F2B8-D475-4922-B334-919795B858CB}"
EndProject
Project("{FAE04EC0-301F-11D3-BF4B-00C04F79EFBC}") = "Printing", "UnitTests\PInvoke\Printing\Printing.csproj", "{D2A4FD48-FCED-4E45-BBA0-C2D5CC536428}"
EndProject
Project("{9A19103F-16F7-4668-BE54-9A1E7A4F7556}") = "Vanara.PInvoke.UrlMon", "PInvoke\UrlMon\Vanara.PInvoke.UrlMon.csproj", "{1A232558-F25A-4D9B-99DE-76F1B4E41F22}"
EndProject
Project("{9A19103F-16F7-4668-BE54-9A1E7A4F7556}") = "Vanara.PInvoke.Opc", "PInvoke\Opc\Vanara.PInvoke.Opc.csproj", "{E55F37CC-D24D-4EB9-8BD5-0E6D88EF1519}"
EndProject
Project("{FAE04EC0-301F-11D3-BF4B-00C04F79EFBC}") = "Vanara.PInvoke.UserEnv", "PInvoke\UserEnv\Vanara.PInvoke.UserEnv.csproj", "{2F4AF0C8-483B-4F0E-89F7-EB9AC32385B3}"
EndProject
Project("{FAE04EC0-301F-11D3-BF4B-00C04F79EFBC}") = "UserEnv", "UnitTests\PInvoke\UserEnv\UserEnv.csproj", "{FFF69906-9EEC-4D01-879F-CE96DE2FFC6A}"
EndProject
Global
	GlobalSection(SolutionConfigurationPlatforms) = preSolution
		Debug (no Unit Tests)|Any CPU = Debug (no Unit Tests)|Any CPU
		Debug|Any CPU = Debug|Any CPU
		Release|Any CPU = Release|Any CPU
	EndGlobalSection
	GlobalSection(ProjectConfigurationPlatforms) = postSolution
		{241F73EE-9298-45C9-B869-A045DFF94C03}.Debug (no Unit Tests)|Any CPU.ActiveCfg = Debug|Any CPU
		{241F73EE-9298-45C9-B869-A045DFF94C03}.Debug (no Unit Tests)|Any CPU.Build.0 = Debug|Any CPU
		{241F73EE-9298-45C9-B869-A045DFF94C03}.Debug|Any CPU.ActiveCfg = Debug|Any CPU
		{241F73EE-9298-45C9-B869-A045DFF94C03}.Debug|Any CPU.Build.0 = Debug|Any CPU
		{241F73EE-9298-45C9-B869-A045DFF94C03}.Release|Any CPU.ActiveCfg = Release|Any CPU
		{241F73EE-9298-45C9-B869-A045DFF94C03}.Release|Any CPU.Build.0 = Release|Any CPU
		{B1AF8B23-B1CB-4CDB-9345-5E0C0E836B7C}.Debug (no Unit Tests)|Any CPU.ActiveCfg = Debug|Any CPU
		{B1AF8B23-B1CB-4CDB-9345-5E0C0E836B7C}.Debug (no Unit Tests)|Any CPU.Build.0 = Debug|Any CPU
		{B1AF8B23-B1CB-4CDB-9345-5E0C0E836B7C}.Debug|Any CPU.ActiveCfg = Debug|Any CPU
		{B1AF8B23-B1CB-4CDB-9345-5E0C0E836B7C}.Debug|Any CPU.Build.0 = Debug|Any CPU
		{B1AF8B23-B1CB-4CDB-9345-5E0C0E836B7C}.Release|Any CPU.ActiveCfg = Release|Any CPU
		{B1AF8B23-B1CB-4CDB-9345-5E0C0E836B7C}.Release|Any CPU.Build.0 = Release|Any CPU
		{EEEC146D-14B2-4EEF-9155-E1AEF82D85F6}.Debug (no Unit Tests)|Any CPU.ActiveCfg = Debug|Any CPU
		{EEEC146D-14B2-4EEF-9155-E1AEF82D85F6}.Debug (no Unit Tests)|Any CPU.Build.0 = Debug|Any CPU
		{EEEC146D-14B2-4EEF-9155-E1AEF82D85F6}.Debug|Any CPU.ActiveCfg = Debug|Any CPU
		{EEEC146D-14B2-4EEF-9155-E1AEF82D85F6}.Debug|Any CPU.Build.0 = Debug|Any CPU
		{EEEC146D-14B2-4EEF-9155-E1AEF82D85F6}.Release|Any CPU.ActiveCfg = Release|Any CPU
		{EEEC146D-14B2-4EEF-9155-E1AEF82D85F6}.Release|Any CPU.Build.0 = Release|Any CPU
		{51986CD3-EEDA-4369-93A4-255512548F68}.Debug (no Unit Tests)|Any CPU.ActiveCfg = Debug|Any CPU
		{51986CD3-EEDA-4369-93A4-255512548F68}.Debug (no Unit Tests)|Any CPU.Build.0 = Debug|Any CPU
		{51986CD3-EEDA-4369-93A4-255512548F68}.Debug|Any CPU.ActiveCfg = Debug|Any CPU
		{51986CD3-EEDA-4369-93A4-255512548F68}.Debug|Any CPU.Build.0 = Debug|Any CPU
		{51986CD3-EEDA-4369-93A4-255512548F68}.Release|Any CPU.ActiveCfg = Release|Any CPU
		{51986CD3-EEDA-4369-93A4-255512548F68}.Release|Any CPU.Build.0 = Release|Any CPU
		{A5E519E9-FEBA-4FE3-93A5-B8269BEF72F4}.Debug (no Unit Tests)|Any CPU.ActiveCfg = Debug|Any CPU
		{A5E519E9-FEBA-4FE3-93A5-B8269BEF72F4}.Debug (no Unit Tests)|Any CPU.Build.0 = Debug|Any CPU
		{A5E519E9-FEBA-4FE3-93A5-B8269BEF72F4}.Debug|Any CPU.ActiveCfg = Debug|Any CPU
		{A5E519E9-FEBA-4FE3-93A5-B8269BEF72F4}.Debug|Any CPU.Build.0 = Debug|Any CPU
		{A5E519E9-FEBA-4FE3-93A5-B8269BEF72F4}.Release|Any CPU.ActiveCfg = Release|Any CPU
		{A5E519E9-FEBA-4FE3-93A5-B8269BEF72F4}.Release|Any CPU.Build.0 = Release|Any CPU
		{EF88CF8C-E737-4BB1-BBF9-F47BF65547E0}.Debug (no Unit Tests)|Any CPU.ActiveCfg = Debug|Any CPU
		{EF88CF8C-E737-4BB1-BBF9-F47BF65547E0}.Debug (no Unit Tests)|Any CPU.Build.0 = Debug|Any CPU
		{EF88CF8C-E737-4BB1-BBF9-F47BF65547E0}.Debug|Any CPU.ActiveCfg = Debug|Any CPU
		{EF88CF8C-E737-4BB1-BBF9-F47BF65547E0}.Debug|Any CPU.Build.0 = Debug|Any CPU
		{EF88CF8C-E737-4BB1-BBF9-F47BF65547E0}.Release|Any CPU.ActiveCfg = Release|Any CPU
		{EF88CF8C-E737-4BB1-BBF9-F47BF65547E0}.Release|Any CPU.Build.0 = Release|Any CPU
		{291AF9B0-51E8-4E4A-972B-77310A7A0C06}.Debug (no Unit Tests)|Any CPU.ActiveCfg = Debug|Any CPU
		{291AF9B0-51E8-4E4A-972B-77310A7A0C06}.Debug (no Unit Tests)|Any CPU.Build.0 = Debug|Any CPU
		{291AF9B0-51E8-4E4A-972B-77310A7A0C06}.Debug|Any CPU.ActiveCfg = Debug|Any CPU
		{291AF9B0-51E8-4E4A-972B-77310A7A0C06}.Debug|Any CPU.Build.0 = Debug|Any CPU
		{291AF9B0-51E8-4E4A-972B-77310A7A0C06}.Release|Any CPU.ActiveCfg = Release|Any CPU
		{291AF9B0-51E8-4E4A-972B-77310A7A0C06}.Release|Any CPU.Build.0 = Release|Any CPU
		{1F0B972A-06DA-4F6A-8B60-87D76FB1F2D9}.Debug (no Unit Tests)|Any CPU.ActiveCfg = Debug|Any CPU
		{1F0B972A-06DA-4F6A-8B60-87D76FB1F2D9}.Debug (no Unit Tests)|Any CPU.Build.0 = Debug|Any CPU
		{1F0B972A-06DA-4F6A-8B60-87D76FB1F2D9}.Debug|Any CPU.ActiveCfg = Debug|Any CPU
		{1F0B972A-06DA-4F6A-8B60-87D76FB1F2D9}.Debug|Any CPU.Build.0 = Debug|Any CPU
		{1F0B972A-06DA-4F6A-8B60-87D76FB1F2D9}.Release|Any CPU.ActiveCfg = Release|Any CPU
		{1F0B972A-06DA-4F6A-8B60-87D76FB1F2D9}.Release|Any CPU.Build.0 = Release|Any CPU
		{E1C6D6AF-60A0-42CD-AF77-F0DE0FFE1395}.Debug (no Unit Tests)|Any CPU.ActiveCfg = Debug|Any CPU
		{E1C6D6AF-60A0-42CD-AF77-F0DE0FFE1395}.Debug (no Unit Tests)|Any CPU.Build.0 = Debug|Any CPU
		{E1C6D6AF-60A0-42CD-AF77-F0DE0FFE1395}.Debug|Any CPU.ActiveCfg = Debug|Any CPU
		{E1C6D6AF-60A0-42CD-AF77-F0DE0FFE1395}.Debug|Any CPU.Build.0 = Debug|Any CPU
		{E1C6D6AF-60A0-42CD-AF77-F0DE0FFE1395}.Release|Any CPU.ActiveCfg = Release|Any CPU
		{E1C6D6AF-60A0-42CD-AF77-F0DE0FFE1395}.Release|Any CPU.Build.0 = Release|Any CPU
		{E186AFF0-BC70-4776-8BEE-9FDAE108F4EB}.Debug (no Unit Tests)|Any CPU.ActiveCfg = Debug|Any CPU
		{E186AFF0-BC70-4776-8BEE-9FDAE108F4EB}.Debug (no Unit Tests)|Any CPU.Build.0 = Debug|Any CPU
		{E186AFF0-BC70-4776-8BEE-9FDAE108F4EB}.Debug|Any CPU.ActiveCfg = Debug|Any CPU
		{E186AFF0-BC70-4776-8BEE-9FDAE108F4EB}.Debug|Any CPU.Build.0 = Debug|Any CPU
		{E186AFF0-BC70-4776-8BEE-9FDAE108F4EB}.Release|Any CPU.ActiveCfg = Release|Any CPU
		{E186AFF0-BC70-4776-8BEE-9FDAE108F4EB}.Release|Any CPU.Build.0 = Release|Any CPU
		{842D436F-598C-47D7-B5AA-12399F8CCFE9}.Debug (no Unit Tests)|Any CPU.ActiveCfg = Debug|Any CPU
		{842D436F-598C-47D7-B5AA-12399F8CCFE9}.Debug (no Unit Tests)|Any CPU.Build.0 = Debug|Any CPU
		{842D436F-598C-47D7-B5AA-12399F8CCFE9}.Debug|Any CPU.ActiveCfg = Debug|Any CPU
		{842D436F-598C-47D7-B5AA-12399F8CCFE9}.Debug|Any CPU.Build.0 = Debug|Any CPU
		{842D436F-598C-47D7-B5AA-12399F8CCFE9}.Release|Any CPU.ActiveCfg = Release|Any CPU
		{842D436F-598C-47D7-B5AA-12399F8CCFE9}.Release|Any CPU.Build.0 = Release|Any CPU
		{48ED1B1B-1450-43D2-917E-B5ACE357FD82}.Debug (no Unit Tests)|Any CPU.ActiveCfg = Debug|Any CPU
		{48ED1B1B-1450-43D2-917E-B5ACE357FD82}.Debug (no Unit Tests)|Any CPU.Build.0 = Debug|Any CPU
		{48ED1B1B-1450-43D2-917E-B5ACE357FD82}.Debug|Any CPU.ActiveCfg = Debug|Any CPU
		{48ED1B1B-1450-43D2-917E-B5ACE357FD82}.Debug|Any CPU.Build.0 = Debug|Any CPU
		{48ED1B1B-1450-43D2-917E-B5ACE357FD82}.Release|Any CPU.ActiveCfg = Release|Any CPU
		{48ED1B1B-1450-43D2-917E-B5ACE357FD82}.Release|Any CPU.Build.0 = Release|Any CPU
		{D7575CDB-0AA6-4029-A8FA-64B49DC178CE}.Debug (no Unit Tests)|Any CPU.ActiveCfg = Debug|Any CPU
		{D7575CDB-0AA6-4029-A8FA-64B49DC178CE}.Debug (no Unit Tests)|Any CPU.Build.0 = Debug|Any CPU
		{D7575CDB-0AA6-4029-A8FA-64B49DC178CE}.Debug|Any CPU.ActiveCfg = Debug|Any CPU
		{D7575CDB-0AA6-4029-A8FA-64B49DC178CE}.Debug|Any CPU.Build.0 = Debug|Any CPU
		{D7575CDB-0AA6-4029-A8FA-64B49DC178CE}.Release|Any CPU.ActiveCfg = Release|Any CPU
		{D7575CDB-0AA6-4029-A8FA-64B49DC178CE}.Release|Any CPU.Build.0 = Release|Any CPU
		{FF26F707-5F0E-461B-BCC9-013724F87BD4}.Debug (no Unit Tests)|Any CPU.ActiveCfg = Debug|Any CPU
		{FF26F707-5F0E-461B-BCC9-013724F87BD4}.Debug (no Unit Tests)|Any CPU.Build.0 = Debug|Any CPU
		{FF26F707-5F0E-461B-BCC9-013724F87BD4}.Debug|Any CPU.ActiveCfg = Debug|Any CPU
		{FF26F707-5F0E-461B-BCC9-013724F87BD4}.Debug|Any CPU.Build.0 = Debug|Any CPU
		{FF26F707-5F0E-461B-BCC9-013724F87BD4}.Release|Any CPU.ActiveCfg = Release|Any CPU
		{FF26F707-5F0E-461B-BCC9-013724F87BD4}.Release|Any CPU.Build.0 = Release|Any CPU
		{3226020F-4C9D-41B3-AC8A-2BC9FD064CD8}.Debug (no Unit Tests)|Any CPU.ActiveCfg = Debug|Any CPU
		{3226020F-4C9D-41B3-AC8A-2BC9FD064CD8}.Debug (no Unit Tests)|Any CPU.Build.0 = Debug|Any CPU
		{3226020F-4C9D-41B3-AC8A-2BC9FD064CD8}.Debug|Any CPU.ActiveCfg = Debug|Any CPU
		{3226020F-4C9D-41B3-AC8A-2BC9FD064CD8}.Debug|Any CPU.Build.0 = Debug|Any CPU
		{3226020F-4C9D-41B3-AC8A-2BC9FD064CD8}.Release|Any CPU.ActiveCfg = Release|Any CPU
		{3226020F-4C9D-41B3-AC8A-2BC9FD064CD8}.Release|Any CPU.Build.0 = Release|Any CPU
		{30FD6779-6549-449E-880A-695815EB89B0}.Debug (no Unit Tests)|Any CPU.ActiveCfg = Debug|Any CPU
		{30FD6779-6549-449E-880A-695815EB89B0}.Debug (no Unit Tests)|Any CPU.Build.0 = Debug|Any CPU
		{30FD6779-6549-449E-880A-695815EB89B0}.Debug|Any CPU.ActiveCfg = Debug|Any CPU
		{30FD6779-6549-449E-880A-695815EB89B0}.Debug|Any CPU.Build.0 = Debug|Any CPU
		{30FD6779-6549-449E-880A-695815EB89B0}.Release|Any CPU.ActiveCfg = Release|Any CPU
		{30FD6779-6549-449E-880A-695815EB89B0}.Release|Any CPU.Build.0 = Release|Any CPU
		{AC7D45C6-3C00-4FBF-90BE-1A026FB26DF0}.Debug (no Unit Tests)|Any CPU.ActiveCfg = Debug|Any CPU
		{AC7D45C6-3C00-4FBF-90BE-1A026FB26DF0}.Debug (no Unit Tests)|Any CPU.Build.0 = Debug|Any CPU
		{AC7D45C6-3C00-4FBF-90BE-1A026FB26DF0}.Debug|Any CPU.ActiveCfg = Debug|Any CPU
		{AC7D45C6-3C00-4FBF-90BE-1A026FB26DF0}.Debug|Any CPU.Build.0 = Debug|Any CPU
		{AC7D45C6-3C00-4FBF-90BE-1A026FB26DF0}.Release|Any CPU.ActiveCfg = Release|Any CPU
		{AC7D45C6-3C00-4FBF-90BE-1A026FB26DF0}.Release|Any CPU.Build.0 = Release|Any CPU
		{A6771907-ADDC-49FC-8444-A97AA65E77E2}.Debug (no Unit Tests)|Any CPU.ActiveCfg = Debug|Any CPU
		{A6771907-ADDC-49FC-8444-A97AA65E77E2}.Debug (no Unit Tests)|Any CPU.Build.0 = Debug|Any CPU
		{A6771907-ADDC-49FC-8444-A97AA65E77E2}.Debug|Any CPU.ActiveCfg = Debug|Any CPU
		{A6771907-ADDC-49FC-8444-A97AA65E77E2}.Debug|Any CPU.Build.0 = Debug|Any CPU
		{A6771907-ADDC-49FC-8444-A97AA65E77E2}.Release|Any CPU.ActiveCfg = Release|Any CPU
		{A6771907-ADDC-49FC-8444-A97AA65E77E2}.Release|Any CPU.Build.0 = Release|Any CPU
		{F73A658B-D900-4D9B-BA8E-19E6DFDC6147}.Debug (no Unit Tests)|Any CPU.ActiveCfg = Debug|Any CPU
		{F73A658B-D900-4D9B-BA8E-19E6DFDC6147}.Debug (no Unit Tests)|Any CPU.Build.0 = Debug|Any CPU
		{F73A658B-D900-4D9B-BA8E-19E6DFDC6147}.Debug|Any CPU.ActiveCfg = Debug|Any CPU
		{F73A658B-D900-4D9B-BA8E-19E6DFDC6147}.Debug|Any CPU.Build.0 = Debug|Any CPU
		{F73A658B-D900-4D9B-BA8E-19E6DFDC6147}.Release|Any CPU.ActiveCfg = Release|Any CPU
		{F73A658B-D900-4D9B-BA8E-19E6DFDC6147}.Release|Any CPU.Build.0 = Release|Any CPU
		{5CE784D4-42B7-4AA7-B2D0-E175C7FB40C8}.Debug (no Unit Tests)|Any CPU.ActiveCfg = Debug|Any CPU
		{5CE784D4-42B7-4AA7-B2D0-E175C7FB40C8}.Debug (no Unit Tests)|Any CPU.Build.0 = Debug|Any CPU
		{5CE784D4-42B7-4AA7-B2D0-E175C7FB40C8}.Debug|Any CPU.ActiveCfg = Debug|Any CPU
		{5CE784D4-42B7-4AA7-B2D0-E175C7FB40C8}.Debug|Any CPU.Build.0 = Debug|Any CPU
		{5CE784D4-42B7-4AA7-B2D0-E175C7FB40C8}.Release|Any CPU.ActiveCfg = Release|Any CPU
		{5CE784D4-42B7-4AA7-B2D0-E175C7FB40C8}.Release|Any CPU.Build.0 = Release|Any CPU
		{E8A0C4DF-541C-4435-937B-2865CD61BB17}.Debug (no Unit Tests)|Any CPU.ActiveCfg = Debug|Any CPU
		{E8A0C4DF-541C-4435-937B-2865CD61BB17}.Debug (no Unit Tests)|Any CPU.Build.0 = Debug|Any CPU
		{E8A0C4DF-541C-4435-937B-2865CD61BB17}.Debug|Any CPU.ActiveCfg = Debug|Any CPU
		{E8A0C4DF-541C-4435-937B-2865CD61BB17}.Debug|Any CPU.Build.0 = Debug|Any CPU
		{E8A0C4DF-541C-4435-937B-2865CD61BB17}.Release|Any CPU.ActiveCfg = Release|Any CPU
		{E8A0C4DF-541C-4435-937B-2865CD61BB17}.Release|Any CPU.Build.0 = Release|Any CPU
		{392A14B0-1E10-4E88-9C13-0D965665FFB5}.Debug (no Unit Tests)|Any CPU.ActiveCfg = Debug|Any CPU
		{392A14B0-1E10-4E88-9C13-0D965665FFB5}.Debug (no Unit Tests)|Any CPU.Build.0 = Debug|Any CPU
		{392A14B0-1E10-4E88-9C13-0D965665FFB5}.Debug|Any CPU.ActiveCfg = Debug|Any CPU
		{392A14B0-1E10-4E88-9C13-0D965665FFB5}.Debug|Any CPU.Build.0 = Debug|Any CPU
		{392A14B0-1E10-4E88-9C13-0D965665FFB5}.Release|Any CPU.ActiveCfg = Release|Any CPU
		{392A14B0-1E10-4E88-9C13-0D965665FFB5}.Release|Any CPU.Build.0 = Release|Any CPU
		{BBE4A7D6-0B24-4F58-9726-E05F358C1256}.Debug (no Unit Tests)|Any CPU.ActiveCfg = Debug|Any CPU
		{BBE4A7D6-0B24-4F58-9726-E05F358C1256}.Debug (no Unit Tests)|Any CPU.Build.0 = Debug|Any CPU
		{BBE4A7D6-0B24-4F58-9726-E05F358C1256}.Debug|Any CPU.ActiveCfg = Debug|Any CPU
		{BBE4A7D6-0B24-4F58-9726-E05F358C1256}.Debug|Any CPU.Build.0 = Debug|Any CPU
		{BBE4A7D6-0B24-4F58-9726-E05F358C1256}.Release|Any CPU.ActiveCfg = Release|Any CPU
		{BBE4A7D6-0B24-4F58-9726-E05F358C1256}.Release|Any CPU.Build.0 = Release|Any CPU
		{8A2AE72B-18A3-4944-B15C-06DEC99E52C0}.Debug (no Unit Tests)|Any CPU.ActiveCfg = Debug|Any CPU
		{8A2AE72B-18A3-4944-B15C-06DEC99E52C0}.Debug|Any CPU.ActiveCfg = Debug|Any CPU
		{8A2AE72B-18A3-4944-B15C-06DEC99E52C0}.Release|Any CPU.ActiveCfg = Release|Any CPU
		{E91C263F-82D9-40A9-99A1-F879CB076BCE}.Debug (no Unit Tests)|Any CPU.ActiveCfg = Debug|Any CPU
		{E91C263F-82D9-40A9-99A1-F879CB076BCE}.Debug (no Unit Tests)|Any CPU.Build.0 = Debug|Any CPU
		{E91C263F-82D9-40A9-99A1-F879CB076BCE}.Debug|Any CPU.ActiveCfg = Debug|Any CPU
		{E91C263F-82D9-40A9-99A1-F879CB076BCE}.Debug|Any CPU.Build.0 = Debug|Any CPU
		{E91C263F-82D9-40A9-99A1-F879CB076BCE}.Release|Any CPU.ActiveCfg = Release|Any CPU
		{E91C263F-82D9-40A9-99A1-F879CB076BCE}.Release|Any CPU.Build.0 = Release|Any CPU
		{43685BE2-A65E-4B01-BE16-479526940F23}.Debug (no Unit Tests)|Any CPU.ActiveCfg = Debug|Any CPU
		{43685BE2-A65E-4B01-BE16-479526940F23}.Debug (no Unit Tests)|Any CPU.Build.0 = Debug|Any CPU
		{43685BE2-A65E-4B01-BE16-479526940F23}.Debug|Any CPU.ActiveCfg = Debug|Any CPU
		{43685BE2-A65E-4B01-BE16-479526940F23}.Debug|Any CPU.Build.0 = Debug|Any CPU
		{43685BE2-A65E-4B01-BE16-479526940F23}.Release|Any CPU.ActiveCfg = Release|Any CPU
		{43685BE2-A65E-4B01-BE16-479526940F23}.Release|Any CPU.Build.0 = Release|Any CPU
		{BBD8CE8D-31D2-4DFB-8D96-46825C09C7F1}.Debug (no Unit Tests)|Any CPU.ActiveCfg = Debug|Any CPU
		{BBD8CE8D-31D2-4DFB-8D96-46825C09C7F1}.Debug (no Unit Tests)|Any CPU.Build.0 = Debug|Any CPU
		{BBD8CE8D-31D2-4DFB-8D96-46825C09C7F1}.Debug|Any CPU.ActiveCfg = Debug|Any CPU
		{BBD8CE8D-31D2-4DFB-8D96-46825C09C7F1}.Debug|Any CPU.Build.0 = Debug|Any CPU
		{BBD8CE8D-31D2-4DFB-8D96-46825C09C7F1}.Release|Any CPU.ActiveCfg = Release|Any CPU
		{BBD8CE8D-31D2-4DFB-8D96-46825C09C7F1}.Release|Any CPU.Build.0 = Release|Any CPU
		{EF53ED51-C141-4525-A6B7-41109EE5F416}.Debug (no Unit Tests)|Any CPU.ActiveCfg = Debug|Any CPU
		{EF53ED51-C141-4525-A6B7-41109EE5F416}.Debug (no Unit Tests)|Any CPU.Build.0 = Debug|Any CPU
		{EF53ED51-C141-4525-A6B7-41109EE5F416}.Debug|Any CPU.ActiveCfg = Debug|Any CPU
		{EF53ED51-C141-4525-A6B7-41109EE5F416}.Debug|Any CPU.Build.0 = Debug|Any CPU
		{EF53ED51-C141-4525-A6B7-41109EE5F416}.Release|Any CPU.ActiveCfg = Release|Any CPU
		{EF53ED51-C141-4525-A6B7-41109EE5F416}.Release|Any CPU.Build.0 = Release|Any CPU
		{9E0C0DC0-E1B6-42A7-BD31-9A62EEADA780}.Debug (no Unit Tests)|Any CPU.ActiveCfg = Debug|Any CPU
		{9E0C0DC0-E1B6-42A7-BD31-9A62EEADA780}.Debug (no Unit Tests)|Any CPU.Build.0 = Debug|Any CPU
		{9E0C0DC0-E1B6-42A7-BD31-9A62EEADA780}.Debug|Any CPU.ActiveCfg = Debug|Any CPU
		{9E0C0DC0-E1B6-42A7-BD31-9A62EEADA780}.Debug|Any CPU.Build.0 = Debug|Any CPU
		{9E0C0DC0-E1B6-42A7-BD31-9A62EEADA780}.Release|Any CPU.ActiveCfg = Release|Any CPU
		{9E0C0DC0-E1B6-42A7-BD31-9A62EEADA780}.Release|Any CPU.Build.0 = Release|Any CPU
		{74D00C4C-DA94-4046-B3CD-318FECDE3794}.Debug (no Unit Tests)|Any CPU.ActiveCfg = Debug|Any CPU
		{74D00C4C-DA94-4046-B3CD-318FECDE3794}.Debug (no Unit Tests)|Any CPU.Build.0 = Debug|Any CPU
		{74D00C4C-DA94-4046-B3CD-318FECDE3794}.Debug|Any CPU.ActiveCfg = Debug|Any CPU
		{74D00C4C-DA94-4046-B3CD-318FECDE3794}.Debug|Any CPU.Build.0 = Debug|Any CPU
		{74D00C4C-DA94-4046-B3CD-318FECDE3794}.Release|Any CPU.ActiveCfg = Release|Any CPU
		{74D00C4C-DA94-4046-B3CD-318FECDE3794}.Release|Any CPU.Build.0 = Release|Any CPU
		{B0DF2976-BE60-4856-A634-5487222360B2}.Debug (no Unit Tests)|Any CPU.ActiveCfg = Debug|Any CPU
		{B0DF2976-BE60-4856-A634-5487222360B2}.Debug (no Unit Tests)|Any CPU.Build.0 = Debug|Any CPU
		{B0DF2976-BE60-4856-A634-5487222360B2}.Debug|Any CPU.ActiveCfg = Debug|Any CPU
		{B0DF2976-BE60-4856-A634-5487222360B2}.Debug|Any CPU.Build.0 = Debug|Any CPU
		{B0DF2976-BE60-4856-A634-5487222360B2}.Release|Any CPU.ActiveCfg = Release|Any CPU
		{B0DF2976-BE60-4856-A634-5487222360B2}.Release|Any CPU.Build.0 = Release|Any CPU
		{C3622793-7925-46C7-B876-AF23CC3C8A90}.Debug (no Unit Tests)|Any CPU.ActiveCfg = Debug|Any CPU
		{C3622793-7925-46C7-B876-AF23CC3C8A90}.Debug (no Unit Tests)|Any CPU.Build.0 = Debug|Any CPU
		{C3622793-7925-46C7-B876-AF23CC3C8A90}.Debug|Any CPU.ActiveCfg = Debug|Any CPU
		{C3622793-7925-46C7-B876-AF23CC3C8A90}.Debug|Any CPU.Build.0 = Debug|Any CPU
		{C3622793-7925-46C7-B876-AF23CC3C8A90}.Release|Any CPU.ActiveCfg = Release|Any CPU
		{C3622793-7925-46C7-B876-AF23CC3C8A90}.Release|Any CPU.Build.0 = Release|Any CPU
		{F1BDAEA9-E2F0-4E9C-844E-0FB958552EC7}.Debug (no Unit Tests)|Any CPU.ActiveCfg = Debug|Any CPU
		{F1BDAEA9-E2F0-4E9C-844E-0FB958552EC7}.Debug (no Unit Tests)|Any CPU.Build.0 = Debug|Any CPU
		{F1BDAEA9-E2F0-4E9C-844E-0FB958552EC7}.Debug|Any CPU.ActiveCfg = Debug|Any CPU
		{F1BDAEA9-E2F0-4E9C-844E-0FB958552EC7}.Debug|Any CPU.Build.0 = Debug|Any CPU
		{F1BDAEA9-E2F0-4E9C-844E-0FB958552EC7}.Release|Any CPU.ActiveCfg = Release|Any CPU
		{F1BDAEA9-E2F0-4E9C-844E-0FB958552EC7}.Release|Any CPU.Build.0 = Release|Any CPU
		{8EDF4429-251A-416D-BB68-93F227191BCF}.Debug (no Unit Tests)|Any CPU.ActiveCfg = Debug|Any CPU
		{8EDF4429-251A-416D-BB68-93F227191BCF}.Debug|Any CPU.ActiveCfg = Debug|Any CPU
		{8EDF4429-251A-416D-BB68-93F227191BCF}.Debug|Any CPU.Build.0 = Debug|Any CPU
		{8EDF4429-251A-416D-BB68-93F227191BCF}.Release|Any CPU.ActiveCfg = Release|Any CPU
		{31F68B09-2933-45A1-B86B-9F6D647ED2D9}.Debug (no Unit Tests)|Any CPU.ActiveCfg = Debug|Any CPU
		{31F68B09-2933-45A1-B86B-9F6D647ED2D9}.Debug|Any CPU.ActiveCfg = Debug|Any CPU
		{31F68B09-2933-45A1-B86B-9F6D647ED2D9}.Debug|Any CPU.Build.0 = Debug|Any CPU
		{31F68B09-2933-45A1-B86B-9F6D647ED2D9}.Release|Any CPU.ActiveCfg = Release|Any CPU
		{9AEC2C7E-09D3-41C7-BDA7-4A7BAAA3441E}.Debug (no Unit Tests)|Any CPU.ActiveCfg = Debug|Any CPU
		{9AEC2C7E-09D3-41C7-BDA7-4A7BAAA3441E}.Debug|Any CPU.ActiveCfg = Debug|Any CPU
		{9AEC2C7E-09D3-41C7-BDA7-4A7BAAA3441E}.Debug|Any CPU.Build.0 = Debug|Any CPU
		{9AEC2C7E-09D3-41C7-BDA7-4A7BAAA3441E}.Release|Any CPU.ActiveCfg = Release|Any CPU
		{C1FFE607-1D85-49F8-9421-6B21AB778816}.Debug (no Unit Tests)|Any CPU.ActiveCfg = Debug|Any CPU
		{C1FFE607-1D85-49F8-9421-6B21AB778816}.Debug|Any CPU.ActiveCfg = Debug|Any CPU
		{C1FFE607-1D85-49F8-9421-6B21AB778816}.Debug|Any CPU.Build.0 = Debug|Any CPU
		{C1FFE607-1D85-49F8-9421-6B21AB778816}.Release|Any CPU.ActiveCfg = Release|Any CPU
		{2616C074-DF6C-47D4-BE82-6768885ACAC9}.Debug (no Unit Tests)|Any CPU.ActiveCfg = Debug|Any CPU
		{2616C074-DF6C-47D4-BE82-6768885ACAC9}.Debug|Any CPU.ActiveCfg = Debug|Any CPU
		{2616C074-DF6C-47D4-BE82-6768885ACAC9}.Debug|Any CPU.Build.0 = Debug|Any CPU
		{2616C074-DF6C-47D4-BE82-6768885ACAC9}.Release|Any CPU.ActiveCfg = Release|Any CPU
		{81A79BCD-C322-4742-842E-F70344FAD01D}.Debug (no Unit Tests)|Any CPU.ActiveCfg = Debug|Any CPU
		{81A79BCD-C322-4742-842E-F70344FAD01D}.Debug|Any CPU.ActiveCfg = Debug|Any CPU
		{81A79BCD-C322-4742-842E-F70344FAD01D}.Debug|Any CPU.Build.0 = Debug|Any CPU
		{81A79BCD-C322-4742-842E-F70344FAD01D}.Release|Any CPU.ActiveCfg = Release|Any CPU
		{7D799541-C923-4593-A8C0-ABFA4F44AD3F}.Debug (no Unit Tests)|Any CPU.ActiveCfg = Debug|Any CPU
		{7D799541-C923-4593-A8C0-ABFA4F44AD3F}.Debug|Any CPU.ActiveCfg = Debug|Any CPU
		{7D799541-C923-4593-A8C0-ABFA4F44AD3F}.Debug|Any CPU.Build.0 = Debug|Any CPU
		{7D799541-C923-4593-A8C0-ABFA4F44AD3F}.Release|Any CPU.ActiveCfg = Release|Any CPU
		{7A7D9AC3-B371-478B-95B3-B538CB903231}.Debug (no Unit Tests)|Any CPU.ActiveCfg = Debug|Any CPU
		{7A7D9AC3-B371-478B-95B3-B538CB903231}.Debug|Any CPU.ActiveCfg = Debug|Any CPU
		{7A7D9AC3-B371-478B-95B3-B538CB903231}.Debug|Any CPU.Build.0 = Debug|Any CPU
		{7A7D9AC3-B371-478B-95B3-B538CB903231}.Release|Any CPU.ActiveCfg = Release|Any CPU
		{FC54780C-E523-450E-BC74-1F900A652A2C}.Debug (no Unit Tests)|Any CPU.ActiveCfg = Debug|Any CPU
		{FC54780C-E523-450E-BC74-1F900A652A2C}.Debug|Any CPU.ActiveCfg = Debug|Any CPU
		{FC54780C-E523-450E-BC74-1F900A652A2C}.Debug|Any CPU.Build.0 = Debug|Any CPU
		{FC54780C-E523-450E-BC74-1F900A652A2C}.Release|Any CPU.ActiveCfg = Release|Any CPU
		{D26F23F2-35E8-4253-BCEF-56F113C93B02}.Debug (no Unit Tests)|Any CPU.ActiveCfg = Debug|Any CPU
		{D26F23F2-35E8-4253-BCEF-56F113C93B02}.Debug|Any CPU.ActiveCfg = Debug|Any CPU
		{D26F23F2-35E8-4253-BCEF-56F113C93B02}.Debug|Any CPU.Build.0 = Debug|Any CPU
		{D26F23F2-35E8-4253-BCEF-56F113C93B02}.Release|Any CPU.ActiveCfg = Release|Any CPU
		{D2F143F6-25E8-4B00-A260-B3E3AA46960F}.Debug (no Unit Tests)|Any CPU.ActiveCfg = Debug|Any CPU
		{D2F143F6-25E8-4B00-A260-B3E3AA46960F}.Debug|Any CPU.ActiveCfg = Debug|Any CPU
		{D2F143F6-25E8-4B00-A260-B3E3AA46960F}.Debug|Any CPU.Build.0 = Debug|Any CPU
		{D2F143F6-25E8-4B00-A260-B3E3AA46960F}.Release|Any CPU.ActiveCfg = Release|Any CPU
		{495E0181-1513-423C-8056-A5EE400FA066}.Debug (no Unit Tests)|Any CPU.ActiveCfg = Debug|Any CPU
		{495E0181-1513-423C-8056-A5EE400FA066}.Debug|Any CPU.ActiveCfg = Debug|Any CPU
		{495E0181-1513-423C-8056-A5EE400FA066}.Debug|Any CPU.Build.0 = Debug|Any CPU
		{495E0181-1513-423C-8056-A5EE400FA066}.Release|Any CPU.ActiveCfg = Release|Any CPU
		{A1A941E2-CF51-4582-B8B3-5CBC8905CA8D}.Debug (no Unit Tests)|Any CPU.ActiveCfg = Debug|Any CPU
		{A1A941E2-CF51-4582-B8B3-5CBC8905CA8D}.Debug|Any CPU.ActiveCfg = Debug|Any CPU
		{A1A941E2-CF51-4582-B8B3-5CBC8905CA8D}.Debug|Any CPU.Build.0 = Debug|Any CPU
		{A1A941E2-CF51-4582-B8B3-5CBC8905CA8D}.Release|Any CPU.ActiveCfg = Release|Any CPU
		{FB4E72CC-FF45-4A75-84FB-D220E0C06698}.Debug (no Unit Tests)|Any CPU.ActiveCfg = Debug|Any CPU
		{FB4E72CC-FF45-4A75-84FB-D220E0C06698}.Debug|Any CPU.ActiveCfg = Debug|Any CPU
		{FB4E72CC-FF45-4A75-84FB-D220E0C06698}.Debug|Any CPU.Build.0 = Debug|Any CPU
		{FB4E72CC-FF45-4A75-84FB-D220E0C06698}.Release|Any CPU.ActiveCfg = Release|Any CPU
		{EF6CA228-59F6-495B-8F59-372690E68650}.Debug (no Unit Tests)|Any CPU.ActiveCfg = Debug|Any CPU
		{EF6CA228-59F6-495B-8F59-372690E68650}.Debug|Any CPU.ActiveCfg = Debug|Any CPU
		{EF6CA228-59F6-495B-8F59-372690E68650}.Debug|Any CPU.Build.0 = Debug|Any CPU
		{EF6CA228-59F6-495B-8F59-372690E68650}.Release|Any CPU.ActiveCfg = Release|Any CPU
		{A300ACD4-2E77-4649-B773-2DD55CDB9573}.Debug (no Unit Tests)|Any CPU.ActiveCfg = Debug|Any CPU
		{A300ACD4-2E77-4649-B773-2DD55CDB9573}.Debug|Any CPU.ActiveCfg = Debug|Any CPU
		{A300ACD4-2E77-4649-B773-2DD55CDB9573}.Debug|Any CPU.Build.0 = Debug|Any CPU
		{A300ACD4-2E77-4649-B773-2DD55CDB9573}.Release|Any CPU.ActiveCfg = Release|Any CPU
		{2043D4AA-5286-491F-A334-A3CC7A08DB56}.Debug (no Unit Tests)|Any CPU.ActiveCfg = Debug|Any CPU
		{2043D4AA-5286-491F-A334-A3CC7A08DB56}.Debug|Any CPU.ActiveCfg = Debug|Any CPU
		{2043D4AA-5286-491F-A334-A3CC7A08DB56}.Debug|Any CPU.Build.0 = Debug|Any CPU
		{2043D4AA-5286-491F-A334-A3CC7A08DB56}.Release|Any CPU.ActiveCfg = Release|Any CPU
		{969234E4-6C92-4DAD-9AB9-25E618906643}.Debug (no Unit Tests)|Any CPU.ActiveCfg = Debug|Any CPU
		{969234E4-6C92-4DAD-9AB9-25E618906643}.Debug|Any CPU.ActiveCfg = Debug|Any CPU
		{969234E4-6C92-4DAD-9AB9-25E618906643}.Debug|Any CPU.Build.0 = Debug|Any CPU
		{969234E4-6C92-4DAD-9AB9-25E618906643}.Release|Any CPU.ActiveCfg = Release|Any CPU
		{6DD8BB87-AFBB-4E20-87CA-82967D01EF2D}.Debug (no Unit Tests)|Any CPU.ActiveCfg = Debug|Any CPU
		{6DD8BB87-AFBB-4E20-87CA-82967D01EF2D}.Debug|Any CPU.ActiveCfg = Debug|Any CPU
		{6DD8BB87-AFBB-4E20-87CA-82967D01EF2D}.Debug|Any CPU.Build.0 = Debug|Any CPU
		{6DD8BB87-AFBB-4E20-87CA-82967D01EF2D}.Release|Any CPU.ActiveCfg = Release|Any CPU
		{D7E06BE2-1BAC-4016-8228-FAA091ED4831}.Debug (no Unit Tests)|Any CPU.ActiveCfg = Debug|Any CPU
		{D7E06BE2-1BAC-4016-8228-FAA091ED4831}.Debug|Any CPU.ActiveCfg = Debug|Any CPU
		{D7E06BE2-1BAC-4016-8228-FAA091ED4831}.Debug|Any CPU.Build.0 = Debug|Any CPU
		{D7E06BE2-1BAC-4016-8228-FAA091ED4831}.Release|Any CPU.ActiveCfg = Release|Any CPU
		{BB78D331-8903-40CE-90C4-B0E77D7B20FB}.Debug (no Unit Tests)|Any CPU.ActiveCfg = Debug|Any CPU
		{BB78D331-8903-40CE-90C4-B0E77D7B20FB}.Debug|Any CPU.ActiveCfg = Debug|Any CPU
		{BB78D331-8903-40CE-90C4-B0E77D7B20FB}.Debug|Any CPU.Build.0 = Debug|Any CPU
		{BB78D331-8903-40CE-90C4-B0E77D7B20FB}.Release|Any CPU.ActiveCfg = Release|Any CPU
		{BAD9E08F-4001-4294-804D-7421012DAA3D}.Debug (no Unit Tests)|Any CPU.ActiveCfg = Debug|Any CPU
		{BAD9E08F-4001-4294-804D-7421012DAA3D}.Debug|Any CPU.ActiveCfg = Debug|Any CPU
		{BAD9E08F-4001-4294-804D-7421012DAA3D}.Debug|Any CPU.Build.0 = Debug|Any CPU
		{BAD9E08F-4001-4294-804D-7421012DAA3D}.Release|Any CPU.ActiveCfg = Release|Any CPU
		{C580868E-D913-454C-BF9B-CAFE3BD28DF0}.Debug (no Unit Tests)|Any CPU.ActiveCfg = Debug|Any CPU
		{C580868E-D913-454C-BF9B-CAFE3BD28DF0}.Debug|Any CPU.ActiveCfg = Debug|Any CPU
		{C580868E-D913-454C-BF9B-CAFE3BD28DF0}.Debug|Any CPU.Build.0 = Debug|Any CPU
		{C580868E-D913-454C-BF9B-CAFE3BD28DF0}.Release|Any CPU.ActiveCfg = Release|Any CPU
		{6F668E05-8141-48B8-9031-326C79745AF4}.Debug (no Unit Tests)|Any CPU.ActiveCfg = Debug|Any CPU
		{6F668E05-8141-48B8-9031-326C79745AF4}.Debug|Any CPU.ActiveCfg = Debug|Any CPU
		{6F668E05-8141-48B8-9031-326C79745AF4}.Debug|Any CPU.Build.0 = Debug|Any CPU
		{6F668E05-8141-48B8-9031-326C79745AF4}.Release|Any CPU.ActiveCfg = Release|Any CPU
		{40E5CA4E-527F-4F79-875D-2342D1136FDD}.Debug (no Unit Tests)|Any CPU.ActiveCfg = Debug|Any CPU
		{40E5CA4E-527F-4F79-875D-2342D1136FDD}.Debug|Any CPU.ActiveCfg = Debug|Any CPU
		{40E5CA4E-527F-4F79-875D-2342D1136FDD}.Debug|Any CPU.Build.0 = Debug|Any CPU
		{40E5CA4E-527F-4F79-875D-2342D1136FDD}.Release|Any CPU.ActiveCfg = Release|Any CPU
		{AF867D8E-1C94-4D4C-962D-D155581B0C3B}.Debug (no Unit Tests)|Any CPU.ActiveCfg = Debug|Any CPU
		{AF867D8E-1C94-4D4C-962D-D155581B0C3B}.Debug|Any CPU.ActiveCfg = Debug|Any CPU
		{AF867D8E-1C94-4D4C-962D-D155581B0C3B}.Debug|Any CPU.Build.0 = Debug|Any CPU
		{AF867D8E-1C94-4D4C-962D-D155581B0C3B}.Release|Any CPU.ActiveCfg = Release|Any CPU
		{85157400-A6FF-41E7-B650-4952ECBC28AD}.Debug (no Unit Tests)|Any CPU.ActiveCfg = Debug|Any CPU
		{85157400-A6FF-41E7-B650-4952ECBC28AD}.Debug|Any CPU.ActiveCfg = Debug|Any CPU
		{85157400-A6FF-41E7-B650-4952ECBC28AD}.Debug|Any CPU.Build.0 = Debug|Any CPU
		{85157400-A6FF-41E7-B650-4952ECBC28AD}.Release|Any CPU.ActiveCfg = Release|Any CPU
		{60A80A72-67BD-4CC2-95DA-0F6D3553A221}.Debug (no Unit Tests)|Any CPU.ActiveCfg = Debug|Any CPU
		{60A80A72-67BD-4CC2-95DA-0F6D3553A221}.Debug|Any CPU.ActiveCfg = Debug|Any CPU
		{60A80A72-67BD-4CC2-95DA-0F6D3553A221}.Debug|Any CPU.Build.0 = Debug|Any CPU
		{60A80A72-67BD-4CC2-95DA-0F6D3553A221}.Release|Any CPU.ActiveCfg = Release|Any CPU
		{EFAFBD16-A9FB-4656-896D-AD434B778EF0}.Debug (no Unit Tests)|Any CPU.ActiveCfg = Debug|Any CPU
		{EFAFBD16-A9FB-4656-896D-AD434B778EF0}.Debug|Any CPU.ActiveCfg = Debug|Any CPU
		{EFAFBD16-A9FB-4656-896D-AD434B778EF0}.Debug|Any CPU.Build.0 = Debug|Any CPU
		{EFAFBD16-A9FB-4656-896D-AD434B778EF0}.Release|Any CPU.ActiveCfg = Release|Any CPU
		{6947F255-E176-409C-9788-9C02A68C9D3B}.Debug (no Unit Tests)|Any CPU.ActiveCfg = Debug|Any CPU
		{6947F255-E176-409C-9788-9C02A68C9D3B}.Debug|Any CPU.ActiveCfg = Debug|Any CPU
		{6947F255-E176-409C-9788-9C02A68C9D3B}.Debug|Any CPU.Build.0 = Debug|Any CPU
		{6947F255-E176-409C-9788-9C02A68C9D3B}.Release|Any CPU.ActiveCfg = Release|Any CPU
		{A4BF5AA2-4D73-4BE7-ABB4-3DC089CFA77A}.Debug (no Unit Tests)|Any CPU.ActiveCfg = Debug|Any CPU
		{A4BF5AA2-4D73-4BE7-ABB4-3DC089CFA77A}.Debug|Any CPU.ActiveCfg = Debug|Any CPU
		{A4BF5AA2-4D73-4BE7-ABB4-3DC089CFA77A}.Debug|Any CPU.Build.0 = Debug|Any CPU
		{A4BF5AA2-4D73-4BE7-ABB4-3DC089CFA77A}.Release|Any CPU.ActiveCfg = Release|Any CPU
		{15DC485D-B379-4087-97A7-981ADB4D48F9}.Debug (no Unit Tests)|Any CPU.ActiveCfg = Debug|Any CPU
		{15DC485D-B379-4087-97A7-981ADB4D48F9}.Debug|Any CPU.ActiveCfg = Debug|Any CPU
		{15DC485D-B379-4087-97A7-981ADB4D48F9}.Debug|Any CPU.Build.0 = Debug|Any CPU
		{15DC485D-B379-4087-97A7-981ADB4D48F9}.Release|Any CPU.ActiveCfg = Release|Any CPU
		{D5BD6ECE-B285-4CE8-ABFC-964AB1DEA464}.Debug (no Unit Tests)|Any CPU.ActiveCfg = Debug|Any CPU
		{D5BD6ECE-B285-4CE8-ABFC-964AB1DEA464}.Debug (no Unit Tests)|Any CPU.Build.0 = Debug|Any CPU
		{D5BD6ECE-B285-4CE8-ABFC-964AB1DEA464}.Debug|Any CPU.ActiveCfg = Debug|Any CPU
		{D5BD6ECE-B285-4CE8-ABFC-964AB1DEA464}.Debug|Any CPU.Build.0 = Debug|Any CPU
		{D5BD6ECE-B285-4CE8-ABFC-964AB1DEA464}.Release|Any CPU.ActiveCfg = Release|Any CPU
		{D5BD6ECE-B285-4CE8-ABFC-964AB1DEA464}.Release|Any CPU.Build.0 = Release|Any CPU
		{07CD630D-A4BD-45CB-BF1B-90E981F4DE81}.Debug (no Unit Tests)|Any CPU.ActiveCfg = Debug|Any CPU
		{07CD630D-A4BD-45CB-BF1B-90E981F4DE81}.Debug (no Unit Tests)|Any CPU.Build.0 = Debug|Any CPU
		{07CD630D-A4BD-45CB-BF1B-90E981F4DE81}.Debug|Any CPU.ActiveCfg = Debug|Any CPU
		{07CD630D-A4BD-45CB-BF1B-90E981F4DE81}.Debug|Any CPU.Build.0 = Debug|Any CPU
		{07CD630D-A4BD-45CB-BF1B-90E981F4DE81}.Release|Any CPU.ActiveCfg = Release|Any CPU
		{07CD630D-A4BD-45CB-BF1B-90E981F4DE81}.Release|Any CPU.Build.0 = Release|Any CPU
		{3EDE955E-50DE-4E1D-97E8-31E4E6A83E7D}.Debug (no Unit Tests)|Any CPU.ActiveCfg = Debug|Any CPU
		{3EDE955E-50DE-4E1D-97E8-31E4E6A83E7D}.Debug (no Unit Tests)|Any CPU.Build.0 = Debug|Any CPU
		{3EDE955E-50DE-4E1D-97E8-31E4E6A83E7D}.Debug|Any CPU.ActiveCfg = Debug|Any CPU
		{3EDE955E-50DE-4E1D-97E8-31E4E6A83E7D}.Debug|Any CPU.Build.0 = Debug|Any CPU
		{3EDE955E-50DE-4E1D-97E8-31E4E6A83E7D}.Release|Any CPU.ActiveCfg = Release|Any CPU
		{3EDE955E-50DE-4E1D-97E8-31E4E6A83E7D}.Release|Any CPU.Build.0 = Release|Any CPU
		{A96CFF10-0967-429A-8700-4A86C97C5603}.Debug (no Unit Tests)|Any CPU.ActiveCfg = Debug|Any CPU
		{A96CFF10-0967-429A-8700-4A86C97C5603}.Debug|Any CPU.ActiveCfg = Debug|Any CPU
		{A96CFF10-0967-429A-8700-4A86C97C5603}.Debug|Any CPU.Build.0 = Debug|Any CPU
		{A96CFF10-0967-429A-8700-4A86C97C5603}.Release|Any CPU.ActiveCfg = Release|Any CPU
		{FA58DCE9-60A6-4321-982C-37C0DACC371D}.Debug (no Unit Tests)|Any CPU.ActiveCfg = Debug|Any CPU
		{FA58DCE9-60A6-4321-982C-37C0DACC371D}.Debug (no Unit Tests)|Any CPU.Build.0 = Debug|Any CPU
		{FA58DCE9-60A6-4321-982C-37C0DACC371D}.Debug|Any CPU.ActiveCfg = Debug|Any CPU
		{FA58DCE9-60A6-4321-982C-37C0DACC371D}.Debug|Any CPU.Build.0 = Debug|Any CPU
		{FA58DCE9-60A6-4321-982C-37C0DACC371D}.Release|Any CPU.ActiveCfg = Release|Any CPU
		{FA58DCE9-60A6-4321-982C-37C0DACC371D}.Release|Any CPU.Build.0 = Release|Any CPU
		{C325C0A4-B8CF-442B-B393-C65FC9174045}.Debug (no Unit Tests)|Any CPU.ActiveCfg = Debug|Any CPU
		{C325C0A4-B8CF-442B-B393-C65FC9174045}.Debug (no Unit Tests)|Any CPU.Build.0 = Debug|Any CPU
		{C325C0A4-B8CF-442B-B393-C65FC9174045}.Debug|Any CPU.ActiveCfg = Debug|Any CPU
		{C325C0A4-B8CF-442B-B393-C65FC9174045}.Debug|Any CPU.Build.0 = Debug|Any CPU
		{C325C0A4-B8CF-442B-B393-C65FC9174045}.Release|Any CPU.ActiveCfg = Release|Any CPU
		{C325C0A4-B8CF-442B-B393-C65FC9174045}.Release|Any CPU.Build.0 = Release|Any CPU
		{8BC51B6B-77FA-4571-8E1C-EA75ED4DCD56}.Debug (no Unit Tests)|Any CPU.ActiveCfg = Debug|Any CPU
		{8BC51B6B-77FA-4571-8E1C-EA75ED4DCD56}.Debug (no Unit Tests)|Any CPU.Build.0 = Debug|Any CPU
		{8BC51B6B-77FA-4571-8E1C-EA75ED4DCD56}.Debug|Any CPU.ActiveCfg = Debug|Any CPU
		{8BC51B6B-77FA-4571-8E1C-EA75ED4DCD56}.Debug|Any CPU.Build.0 = Debug|Any CPU
		{8BC51B6B-77FA-4571-8E1C-EA75ED4DCD56}.Release|Any CPU.ActiveCfg = Release|Any CPU
		{C1D9429F-A8BD-4094-ABE3-32581FC4614F}.Debug (no Unit Tests)|Any CPU.ActiveCfg = Debug|Any CPU
		{C1D9429F-A8BD-4094-ABE3-32581FC4614F}.Debug (no Unit Tests)|Any CPU.Build.0 = Debug|Any CPU
		{C1D9429F-A8BD-4094-ABE3-32581FC4614F}.Debug|Any CPU.ActiveCfg = Debug|Any CPU
		{C1D9429F-A8BD-4094-ABE3-32581FC4614F}.Debug|Any CPU.Build.0 = Debug|Any CPU
		{C1D9429F-A8BD-4094-ABE3-32581FC4614F}.Release|Any CPU.ActiveCfg = Release|Any CPU
		{C1D9429F-A8BD-4094-ABE3-32581FC4614F}.Release|Any CPU.Build.0 = Release|Any CPU
		{15189584-3BD8-47DB-8B65-F58482063585}.Debug (no Unit Tests)|Any CPU.ActiveCfg = Debug|Any CPU
		{15189584-3BD8-47DB-8B65-F58482063585}.Debug (no Unit Tests)|Any CPU.Build.0 = Debug|Any CPU
		{15189584-3BD8-47DB-8B65-F58482063585}.Debug|Any CPU.ActiveCfg = Debug|Any CPU
		{15189584-3BD8-47DB-8B65-F58482063585}.Debug|Any CPU.Build.0 = Debug|Any CPU
		{15189584-3BD8-47DB-8B65-F58482063585}.Release|Any CPU.ActiveCfg = Release|Any CPU
		{C7ACE187-CB36-4CEA-AE0C-651669237427}.Debug (no Unit Tests)|Any CPU.ActiveCfg = Debug|Any CPU
		{C7ACE187-CB36-4CEA-AE0C-651669237427}.Debug (no Unit Tests)|Any CPU.Build.0 = Debug|Any CPU
		{C7ACE187-CB36-4CEA-AE0C-651669237427}.Debug|Any CPU.ActiveCfg = Debug|Any CPU
		{C7ACE187-CB36-4CEA-AE0C-651669237427}.Debug|Any CPU.Build.0 = Debug|Any CPU
		{C7ACE187-CB36-4CEA-AE0C-651669237427}.Release|Any CPU.ActiveCfg = Release|Any CPU
		{C7ACE187-CB36-4CEA-AE0C-651669237427}.Release|Any CPU.Build.0 = Release|Any CPU
		{D4E36942-7492-46B9-985B-F99D8F5A35AB}.Debug (no Unit Tests)|Any CPU.ActiveCfg = Debug|Any CPU
		{D4E36942-7492-46B9-985B-F99D8F5A35AB}.Debug (no Unit Tests)|Any CPU.Build.0 = Debug|Any CPU
		{D4E36942-7492-46B9-985B-F99D8F5A35AB}.Debug|Any CPU.ActiveCfg = Debug|Any CPU
		{D4E36942-7492-46B9-985B-F99D8F5A35AB}.Debug|Any CPU.Build.0 = Debug|Any CPU
		{D4E36942-7492-46B9-985B-F99D8F5A35AB}.Release|Any CPU.ActiveCfg = Release|Any CPU
		{D4E36942-7492-46B9-985B-F99D8F5A35AB}.Release|Any CPU.Build.0 = Release|Any CPU
		{5558B8E3-FF1C-401F-978E-E91D1E78B898}.Debug (no Unit Tests)|Any CPU.ActiveCfg = Debug|Any CPU
		{5558B8E3-FF1C-401F-978E-E91D1E78B898}.Debug (no Unit Tests)|Any CPU.Build.0 = Debug|Any CPU
		{5558B8E3-FF1C-401F-978E-E91D1E78B898}.Debug|Any CPU.ActiveCfg = Debug|Any CPU
		{5558B8E3-FF1C-401F-978E-E91D1E78B898}.Debug|Any CPU.Build.0 = Debug|Any CPU
		{5558B8E3-FF1C-401F-978E-E91D1E78B898}.Release|Any CPU.ActiveCfg = Release|Any CPU
		{5558B8E3-FF1C-401F-978E-E91D1E78B898}.Release|Any CPU.Build.0 = Release|Any CPU
		{687F9162-8CA0-4277-B868-4E7F2EC614F8}.Debug (no Unit Tests)|Any CPU.ActiveCfg = Debug|Any CPU
		{687F9162-8CA0-4277-B868-4E7F2EC614F8}.Debug (no Unit Tests)|Any CPU.Build.0 = Debug|Any CPU
		{687F9162-8CA0-4277-B868-4E7F2EC614F8}.Debug|Any CPU.ActiveCfg = Debug|Any CPU
		{687F9162-8CA0-4277-B868-4E7F2EC614F8}.Debug|Any CPU.Build.0 = Debug|Any CPU
		{687F9162-8CA0-4277-B868-4E7F2EC614F8}.Release|Any CPU.ActiveCfg = Release|Any CPU
		{687F9162-8CA0-4277-B868-4E7F2EC614F8}.Release|Any CPU.Build.0 = Release|Any CPU
		{2AACFF7E-F4B1-44F6-92C6-20ACBB647A4D}.Debug (no Unit Tests)|Any CPU.ActiveCfg = Debug|Any CPU
		{2AACFF7E-F4B1-44F6-92C6-20ACBB647A4D}.Debug (no Unit Tests)|Any CPU.Build.0 = Debug|Any CPU
		{2AACFF7E-F4B1-44F6-92C6-20ACBB647A4D}.Debug|Any CPU.ActiveCfg = Debug|Any CPU
		{2AACFF7E-F4B1-44F6-92C6-20ACBB647A4D}.Debug|Any CPU.Build.0 = Debug|Any CPU
		{2AACFF7E-F4B1-44F6-92C6-20ACBB647A4D}.Release|Any CPU.ActiveCfg = Release|Any CPU
		{2AACFF7E-F4B1-44F6-92C6-20ACBB647A4D}.Release|Any CPU.Build.0 = Release|Any CPU
		{9520EC8B-9C63-47E6-A7BD-1CCF9BBB5BFA}.Debug (no Unit Tests)|Any CPU.ActiveCfg = Debug|Any CPU
		{9520EC8B-9C63-47E6-A7BD-1CCF9BBB5BFA}.Debug (no Unit Tests)|Any CPU.Build.0 = Debug|Any CPU
		{9520EC8B-9C63-47E6-A7BD-1CCF9BBB5BFA}.Debug|Any CPU.ActiveCfg = Debug|Any CPU
		{9520EC8B-9C63-47E6-A7BD-1CCF9BBB5BFA}.Debug|Any CPU.Build.0 = Debug|Any CPU
		{9520EC8B-9C63-47E6-A7BD-1CCF9BBB5BFA}.Release|Any CPU.ActiveCfg = Release|Any CPU
		{9520EC8B-9C63-47E6-A7BD-1CCF9BBB5BFA}.Release|Any CPU.Build.0 = Release|Any CPU
		{D3E1F2B8-D475-4922-B334-919795B858CB}.Debug (no Unit Tests)|Any CPU.ActiveCfg = Debug|Any CPU
		{D3E1F2B8-D475-4922-B334-919795B858CB}.Debug (no Unit Tests)|Any CPU.Build.0 = Debug|Any CPU
		{D3E1F2B8-D475-4922-B334-919795B858CB}.Debug|Any CPU.ActiveCfg = Debug|Any CPU
		{D3E1F2B8-D475-4922-B334-919795B858CB}.Debug|Any CPU.Build.0 = Debug|Any CPU
		{D3E1F2B8-D475-4922-B334-919795B858CB}.Release|Any CPU.ActiveCfg = Release|Any CPU
		{D3E1F2B8-D475-4922-B334-919795B858CB}.Release|Any CPU.Build.0 = Release|Any CPU
		{D2A4FD48-FCED-4E45-BBA0-C2D5CC536428}.Debug (no Unit Tests)|Any CPU.ActiveCfg = Debug|Any CPU
		{D2A4FD48-FCED-4E45-BBA0-C2D5CC536428}.Debug (no Unit Tests)|Any CPU.Build.0 = Debug|Any CPU
		{D2A4FD48-FCED-4E45-BBA0-C2D5CC536428}.Debug|Any CPU.ActiveCfg = Debug|Any CPU
		{D2A4FD48-FCED-4E45-BBA0-C2D5CC536428}.Debug|Any CPU.Build.0 = Debug|Any CPU
		{D2A4FD48-FCED-4E45-BBA0-C2D5CC536428}.Release|Any CPU.ActiveCfg = Release|Any CPU
		{D2A4FD48-FCED-4E45-BBA0-C2D5CC536428}.Release|Any CPU.Build.0 = Release|Any CPU
		{1A232558-F25A-4D9B-99DE-76F1B4E41F22}.Debug (no Unit Tests)|Any CPU.ActiveCfg = Debug|Any CPU
		{1A232558-F25A-4D9B-99DE-76F1B4E41F22}.Debug (no Unit Tests)|Any CPU.Build.0 = Debug|Any CPU
		{1A232558-F25A-4D9B-99DE-76F1B4E41F22}.Debug|Any CPU.ActiveCfg = Debug|Any CPU
		{1A232558-F25A-4D9B-99DE-76F1B4E41F22}.Debug|Any CPU.Build.0 = Debug|Any CPU
		{1A232558-F25A-4D9B-99DE-76F1B4E41F22}.Release|Any CPU.ActiveCfg = Release|Any CPU
		{1A232558-F25A-4D9B-99DE-76F1B4E41F22}.Release|Any CPU.Build.0 = Release|Any CPU
		{E55F37CC-D24D-4EB9-8BD5-0E6D88EF1519}.Debug (no Unit Tests)|Any CPU.ActiveCfg = Debug|Any CPU
		{E55F37CC-D24D-4EB9-8BD5-0E6D88EF1519}.Debug (no Unit Tests)|Any CPU.Build.0 = Debug|Any CPU
		{E55F37CC-D24D-4EB9-8BD5-0E6D88EF1519}.Debug|Any CPU.ActiveCfg = Debug|Any CPU
		{E55F37CC-D24D-4EB9-8BD5-0E6D88EF1519}.Debug|Any CPU.Build.0 = Debug|Any CPU
		{E55F37CC-D24D-4EB9-8BD5-0E6D88EF1519}.Release|Any CPU.ActiveCfg = Release|Any CPU
		{E55F37CC-D24D-4EB9-8BD5-0E6D88EF1519}.Release|Any CPU.Build.0 = Release|Any CPU
		{2F4AF0C8-483B-4F0E-89F7-EB9AC32385B3}.Debug (no Unit Tests)|Any CPU.ActiveCfg = Debug|Any CPU
		{2F4AF0C8-483B-4F0E-89F7-EB9AC32385B3}.Debug (no Unit Tests)|Any CPU.Build.0 = Debug|Any CPU
		{2F4AF0C8-483B-4F0E-89F7-EB9AC32385B3}.Debug|Any CPU.ActiveCfg = Debug|Any CPU
		{2F4AF0C8-483B-4F0E-89F7-EB9AC32385B3}.Debug|Any CPU.Build.0 = Debug|Any CPU
		{2F4AF0C8-483B-4F0E-89F7-EB9AC32385B3}.Release|Any CPU.ActiveCfg = Release|Any CPU
		{2F4AF0C8-483B-4F0E-89F7-EB9AC32385B3}.Release|Any CPU.Build.0 = Release|Any CPU
		{FFF69906-9EEC-4D01-879F-CE96DE2FFC6A}.Debug (no Unit Tests)|Any CPU.ActiveCfg = Debug|Any CPU
		{FFF69906-9EEC-4D01-879F-CE96DE2FFC6A}.Debug (no Unit Tests)|Any CPU.Build.0 = Debug|Any CPU
		{FFF69906-9EEC-4D01-879F-CE96DE2FFC6A}.Debug|Any CPU.ActiveCfg = Debug|Any CPU
		{FFF69906-9EEC-4D01-879F-CE96DE2FFC6A}.Debug|Any CPU.Build.0 = Debug|Any CPU
		{FFF69906-9EEC-4D01-879F-CE96DE2FFC6A}.Release|Any CPU.ActiveCfg = Release|Any CPU
		{FFF69906-9EEC-4D01-879F-CE96DE2FFC6A}.Release|Any CPU.Build.0 = Release|Any CPU
	EndGlobalSection
	GlobalSection(SolutionProperties) = preSolution
		HideSolutionNode = FALSE
	EndGlobalSection
	GlobalSection(NestedProjects) = preSolution
		{A5E519E9-FEBA-4FE3-93A5-B8269BEF72F4} = {212ABBD0-B724-4CFA-9D6D-E3891547FA90}
		{EF88CF8C-E737-4BB1-BBF9-F47BF65547E0} = {212ABBD0-B724-4CFA-9D6D-E3891547FA90}
		{291AF9B0-51E8-4E4A-972B-77310A7A0C06} = {212ABBD0-B724-4CFA-9D6D-E3891547FA90}
		{1F0B972A-06DA-4F6A-8B60-87D76FB1F2D9} = {212ABBD0-B724-4CFA-9D6D-E3891547FA90}
		{E1C6D6AF-60A0-42CD-AF77-F0DE0FFE1395} = {212ABBD0-B724-4CFA-9D6D-E3891547FA90}
		{E186AFF0-BC70-4776-8BEE-9FDAE108F4EB} = {212ABBD0-B724-4CFA-9D6D-E3891547FA90}
		{842D436F-598C-47D7-B5AA-12399F8CCFE9} = {212ABBD0-B724-4CFA-9D6D-E3891547FA90}
		{48ED1B1B-1450-43D2-917E-B5ACE357FD82} = {212ABBD0-B724-4CFA-9D6D-E3891547FA90}
		{D7575CDB-0AA6-4029-A8FA-64B49DC178CE} = {212ABBD0-B724-4CFA-9D6D-E3891547FA90}
		{FF26F707-5F0E-461B-BCC9-013724F87BD4} = {212ABBD0-B724-4CFA-9D6D-E3891547FA90}
		{3226020F-4C9D-41B3-AC8A-2BC9FD064CD8} = {212ABBD0-B724-4CFA-9D6D-E3891547FA90}
		{30FD6779-6549-449E-880A-695815EB89B0} = {212ABBD0-B724-4CFA-9D6D-E3891547FA90}
		{AC7D45C6-3C00-4FBF-90BE-1A026FB26DF0} = {212ABBD0-B724-4CFA-9D6D-E3891547FA90}
		{A6771907-ADDC-49FC-8444-A97AA65E77E2} = {212ABBD0-B724-4CFA-9D6D-E3891547FA90}
		{F73A658B-D900-4D9B-BA8E-19E6DFDC6147} = {212ABBD0-B724-4CFA-9D6D-E3891547FA90}
		{5CE784D4-42B7-4AA7-B2D0-E175C7FB40C8} = {212ABBD0-B724-4CFA-9D6D-E3891547FA90}
		{E8A0C4DF-541C-4435-937B-2865CD61BB17} = {212ABBD0-B724-4CFA-9D6D-E3891547FA90}
		{392A14B0-1E10-4E88-9C13-0D965665FFB5} = {212ABBD0-B724-4CFA-9D6D-E3891547FA90}
		{BBE4A7D6-0B24-4F58-9726-E05F358C1256} = {212ABBD0-B724-4CFA-9D6D-E3891547FA90}
		{E91C263F-82D9-40A9-99A1-F879CB076BCE} = {212ABBD0-B724-4CFA-9D6D-E3891547FA90}
		{BBD8CE8D-31D2-4DFB-8D96-46825C09C7F1} = {212ABBD0-B724-4CFA-9D6D-E3891547FA90}
		{EF53ED51-C141-4525-A6B7-41109EE5F416} = {212ABBD0-B724-4CFA-9D6D-E3891547FA90}
		{9E0C0DC0-E1B6-42A7-BD31-9A62EEADA780} = {212ABBD0-B724-4CFA-9D6D-E3891547FA90}
		{74D00C4C-DA94-4046-B3CD-318FECDE3794} = {212ABBD0-B724-4CFA-9D6D-E3891547FA90}
		{B0DF2976-BE60-4856-A634-5487222360B2} = {212ABBD0-B724-4CFA-9D6D-E3891547FA90}
		{C3622793-7925-46C7-B876-AF23CC3C8A90} = {212ABBD0-B724-4CFA-9D6D-E3891547FA90}
		{F1BDAEA9-E2F0-4E9C-844E-0FB958552EC7} = {212ABBD0-B724-4CFA-9D6D-E3891547FA90}
		{8EDF4429-251A-416D-BB68-93F227191BCF} = {3EC6B40D-71D3-4E59-A0E0-544EC605FE11}
		{31F68B09-2933-45A1-B86B-9F6D647ED2D9} = {3EC6B40D-71D3-4E59-A0E0-544EC605FE11}
		{9AEC2C7E-09D3-41C7-BDA7-4A7BAAA3441E} = {3EC6B40D-71D3-4E59-A0E0-544EC605FE11}
		{C1FFE607-1D85-49F8-9421-6B21AB778816} = {3EC6B40D-71D3-4E59-A0E0-544EC605FE11}
		{2616C074-DF6C-47D4-BE82-6768885ACAC9} = {3EC6B40D-71D3-4E59-A0E0-544EC605FE11}
		{385CAD2D-0A5E-4F80-927B-D5499D126B90} = {3EC6B40D-71D3-4E59-A0E0-544EC605FE11}
		{81A79BCD-C322-4742-842E-F70344FAD01D} = {385CAD2D-0A5E-4F80-927B-D5499D126B90}
		{7D799541-C923-4593-A8C0-ABFA4F44AD3F} = {385CAD2D-0A5E-4F80-927B-D5499D126B90}
		{7A7D9AC3-B371-478B-95B3-B538CB903231} = {385CAD2D-0A5E-4F80-927B-D5499D126B90}
		{FC54780C-E523-450E-BC74-1F900A652A2C} = {385CAD2D-0A5E-4F80-927B-D5499D126B90}
		{D26F23F2-35E8-4253-BCEF-56F113C93B02} = {385CAD2D-0A5E-4F80-927B-D5499D126B90}
		{D2F143F6-25E8-4B00-A260-B3E3AA46960F} = {385CAD2D-0A5E-4F80-927B-D5499D126B90}
		{495E0181-1513-423C-8056-A5EE400FA066} = {385CAD2D-0A5E-4F80-927B-D5499D126B90}
		{A1A941E2-CF51-4582-B8B3-5CBC8905CA8D} = {385CAD2D-0A5E-4F80-927B-D5499D126B90}
		{FB4E72CC-FF45-4A75-84FB-D220E0C06698} = {385CAD2D-0A5E-4F80-927B-D5499D126B90}
		{EF6CA228-59F6-495B-8F59-372690E68650} = {385CAD2D-0A5E-4F80-927B-D5499D126B90}
		{A300ACD4-2E77-4649-B773-2DD55CDB9573} = {385CAD2D-0A5E-4F80-927B-D5499D126B90}
		{2043D4AA-5286-491F-A334-A3CC7A08DB56} = {385CAD2D-0A5E-4F80-927B-D5499D126B90}
		{969234E4-6C92-4DAD-9AB9-25E618906643} = {385CAD2D-0A5E-4F80-927B-D5499D126B90}
		{6DD8BB87-AFBB-4E20-87CA-82967D01EF2D} = {385CAD2D-0A5E-4F80-927B-D5499D126B90}
		{D7E06BE2-1BAC-4016-8228-FAA091ED4831} = {385CAD2D-0A5E-4F80-927B-D5499D126B90}
		{BB78D331-8903-40CE-90C4-B0E77D7B20FB} = {385CAD2D-0A5E-4F80-927B-D5499D126B90}
		{BAD9E08F-4001-4294-804D-7421012DAA3D} = {385CAD2D-0A5E-4F80-927B-D5499D126B90}
		{C580868E-D913-454C-BF9B-CAFE3BD28DF0} = {385CAD2D-0A5E-4F80-927B-D5499D126B90}
		{6F668E05-8141-48B8-9031-326C79745AF4} = {385CAD2D-0A5E-4F80-927B-D5499D126B90}
		{40E5CA4E-527F-4F79-875D-2342D1136FDD} = {385CAD2D-0A5E-4F80-927B-D5499D126B90}
		{AF867D8E-1C94-4D4C-962D-D155581B0C3B} = {385CAD2D-0A5E-4F80-927B-D5499D126B90}
		{85157400-A6FF-41E7-B650-4952ECBC28AD} = {385CAD2D-0A5E-4F80-927B-D5499D126B90}
		{60A80A72-67BD-4CC2-95DA-0F6D3553A221} = {385CAD2D-0A5E-4F80-927B-D5499D126B90}
		{EFAFBD16-A9FB-4656-896D-AD434B778EF0} = {385CAD2D-0A5E-4F80-927B-D5499D126B90}
		{6947F255-E176-409C-9788-9C02A68C9D3B} = {385CAD2D-0A5E-4F80-927B-D5499D126B90}
		{A4BF5AA2-4D73-4BE7-ABB4-3DC089CFA77A} = {385CAD2D-0A5E-4F80-927B-D5499D126B90}
		{15DC485D-B379-4087-97A7-981ADB4D48F9} = {385CAD2D-0A5E-4F80-927B-D5499D126B90}
		{D5BD6ECE-B285-4CE8-ABFC-964AB1DEA464} = {212ABBD0-B724-4CFA-9D6D-E3891547FA90}
		{07CD630D-A4BD-45CB-BF1B-90E981F4DE81} = {212ABBD0-B724-4CFA-9D6D-E3891547FA90}
		{3EDE955E-50DE-4E1D-97E8-31E4E6A83E7D} = {212ABBD0-B724-4CFA-9D6D-E3891547FA90}
		{A96CFF10-0967-429A-8700-4A86C97C5603} = {3EC6B40D-71D3-4E59-A0E0-544EC605FE11}
		{FA58DCE9-60A6-4321-982C-37C0DACC371D} = {212ABBD0-B724-4CFA-9D6D-E3891547FA90}
		{C325C0A4-B8CF-442B-B393-C65FC9174045} = {212ABBD0-B724-4CFA-9D6D-E3891547FA90}
		{8BC51B6B-77FA-4571-8E1C-EA75ED4DCD56} = {385CAD2D-0A5E-4F80-927B-D5499D126B90}
		{C1D9429F-A8BD-4094-ABE3-32581FC4614F} = {212ABBD0-B724-4CFA-9D6D-E3891547FA90}
		{15189584-3BD8-47DB-8B65-F58482063585} = {385CAD2D-0A5E-4F80-927B-D5499D126B90}
		{5558B8E3-FF1C-401F-978E-E91D1E78B898} = {3EC6B40D-71D3-4E59-A0E0-544EC605FE11}
		{687F9162-8CA0-4277-B868-4E7F2EC614F8} = {3EC6B40D-71D3-4E59-A0E0-544EC605FE11}
		{2AACFF7E-F4B1-44F6-92C6-20ACBB647A4D} = {3EC6B40D-71D3-4E59-A0E0-544EC605FE11}
		{9520EC8B-9C63-47E6-A7BD-1CCF9BBB5BFA} = {3EC6B40D-71D3-4E59-A0E0-544EC605FE11}
		{D3E1F2B8-D475-4922-B334-919795B858CB} = {212ABBD0-B724-4CFA-9D6D-E3891547FA90}
		{D2A4FD48-FCED-4E45-BBA0-C2D5CC536428} = {385CAD2D-0A5E-4F80-927B-D5499D126B90}
		{1A232558-F25A-4D9B-99DE-76F1B4E41F22} = {212ABBD0-B724-4CFA-9D6D-E3891547FA90}
		{E55F37CC-D24D-4EB9-8BD5-0E6D88EF1519} = {212ABBD0-B724-4CFA-9D6D-E3891547FA90}
		{2F4AF0C8-483B-4F0E-89F7-EB9AC32385B3} = {212ABBD0-B724-4CFA-9D6D-E3891547FA90}
		{FFF69906-9EEC-4D01-879F-CE96DE2FFC6A} = {385CAD2D-0A5E-4F80-927B-D5499D126B90}
	EndGlobalSection
	GlobalSection(ExtensibilityGlobals) = postSolution
		SolutionGuid = {543FAC75-2AF1-4EF1-9609-B242B63FEED4}
	EndGlobalSection
EndGlobal
